// !$*UTF8*$!
{
	archiveVersion = 1;
	classes = {
	};
	objectVersion = 46;
	objects = {

/* Begin PBXBuildFile section */
		1297B7691B61EB0700C560B1 /* main.m in Sources */ = {isa = PBXBuildFile; fileRef = 1297B7681B61EB0700C560B1 /* main.m */; };
		1297B76C1B61EB0700C560B1 /* AppDelegate.m in Sources */ = {isa = PBXBuildFile; fileRef = 1297B76B1B61EB0700C560B1 /* AppDelegate.m */; };
		1297B76F1B61EB0700C560B1 /* ViewController.m in Sources */ = {isa = PBXBuildFile; fileRef = 1297B76E1B61EB0700C560B1 /* ViewController.m */; };
		1297B7721B61EB0700C560B1 /* Main.storyboard in Resources */ = {isa = PBXBuildFile; fileRef = 1297B7701B61EB0700C560B1 /* Main.storyboard */; };
		1297B7741B61EB0700C560B1 /* Images.xcassets in Resources */ = {isa = PBXBuildFile; fileRef = 1297B7731B61EB0700C560B1 /* Images.xcassets */; };
		1297B7771B61EB0700C560B1 /* LaunchScreen.xib in Resources */ = {isa = PBXBuildFile; fileRef = 1297B7751B61EB0700C560B1 /* LaunchScreen.xib */; };
		1297B7831B61EB0700C560B1 /* TextMutationTestsTests.m in Sources */ = {isa = PBXBuildFile; fileRef = 1297B7821B61EB0700C560B1 /* TextMutationTestsTests.m */; };
		12C46D681B61EFE0000C8BC4 /* glyphicons_009_magic.png in Resources */ = {isa = PBXBuildFile; fileRef = 12C46D661B61EFE0000C8BC4 /* glyphicons_009_magic.png */; };
		12C46D691B61EFE0000C8BC4 /* glyphicons_009_magic@2x.png in Resources */ = {isa = PBXBuildFile; fileRef = 12C46D671B61EFE0000C8BC4 /* glyphicons_009_magic@2x.png */; };
		12C46D6C1B61EFF8000C8BC4 /* glyphicons_139_adjust_alt.png in Resources */ = {isa = PBXBuildFile; fileRef = 12C46D6A1B61EFF8000C8BC4 /* glyphicons_139_adjust_alt.png */; };
		12C46D6D1B61EFF8000C8BC4 /* glyphicons_139_adjust_alt@2x.png in Resources */ = {isa = PBXBuildFile; fileRef = 12C46D6B1B61EFF8000C8BC4 /* glyphicons_139_adjust_alt@2x.png */; };
		12C46D701B61F007000C8BC4 /* glyphicons_189_brightness_increase.png in Resources */ = {isa = PBXBuildFile; fileRef = 12C46D6E1B61F007000C8BC4 /* glyphicons_189_brightness_increase.png */; };
		12C46D711B61F007000C8BC4 /* glyphicons_189_brightness_increase@2x.png in Resources */ = {isa = PBXBuildFile; fileRef = 12C46D6F1B61F007000C8BC4 /* glyphicons_189_brightness_increase@2x.png */; };
		12C46D741B61F063000C8BC4 /* webViewController.m in Sources */ = {isa = PBXBuildFile; fileRef = 12C46D731B61F063000C8BC4 /* webViewController.m */; };
		12C46D7A1B61F0AC000C8BC4 /* settingsTableViewController.m in Sources */ = {isa = PBXBuildFile; fileRef = 12C46D791B61F0AC000C8BC4 /* settingsTableViewController.m */; };
/* End PBXBuildFile section */

/* Begin PBXContainerItemProxy section */
		1297B77D1B61EB0700C560B1 /* PBXContainerItemProxy */ = {
			isa = PBXContainerItemProxy;
			containerPortal = 1297B75B1B61EB0700C560B1 /* Project object */;
			proxyType = 1;
			remoteGlobalIDString = 1297B7621B61EB0700C560B1;
			remoteInfo = TextMutationTests;
		};
/* End PBXContainerItemProxy section */

/* Begin PBXFileReference section */
		1297B7631B61EB0700C560B1 /* TextMutationTests.app */ = {isa = PBXFileReference; explicitFileType = wrapper.application; includeInIndex = 0; path = TextMutationTests.app; sourceTree = BUILT_PRODUCTS_DIR; };
		1297B7671B61EB0700C560B1 /* Info.plist */ = {isa = PBXFileReference; lastKnownFileType = text.plist.xml; path = Info.plist; sourceTree = "<group>"; };
		1297B7681B61EB0700C560B1 /* main.m */ = {isa = PBXFileReference; lastKnownFileType = sourcecode.c.objc; path = main.m; sourceTree = "<group>"; };
		1297B76A1B61EB0700C560B1 /* AppDelegate.h */ = {isa = PBXFileReference; lastKnownFileType = sourcecode.c.h; path = AppDelegate.h; sourceTree = "<group>"; };
		1297B76B1B61EB0700C560B1 /* AppDelegate.m */ = {isa = PBXFileReference; lastKnownFileType = sourcecode.c.objc; path = AppDelegate.m; sourceTree = "<group>"; };
		1297B76D1B61EB0700C560B1 /* ViewController.h */ = {isa = PBXFileReference; lastKnownFileType = sourcecode.c.h; path = ViewController.h; sourceTree = "<group>"; };
		1297B76E1B61EB0700C560B1 /* ViewController.m */ = {isa = PBXFileReference; lastKnownFileType = sourcecode.c.objc; path = ViewController.m; sourceTree = "<group>"; };
		1297B7711B61EB0700C560B1 /* Base */ = {isa = PBXFileReference; lastKnownFileType = file.storyboard; name = Base; path = Base.lproj/Main.storyboard; sourceTree = "<group>"; };
		1297B7731B61EB0700C560B1 /* Images.xcassets */ = {isa = PBXFileReference; lastKnownFileType = folder.assetcatalog; path = Images.xcassets; sourceTree = "<group>"; };
		1297B7761B61EB0700C560B1 /* Base */ = {isa = PBXFileReference; lastKnownFileType = file.xib; name = Base; path = Base.lproj/LaunchScreen.xib; sourceTree = "<group>"; };
		1297B77C1B61EB0700C560B1 /* TextMutationTestsTests.xctest */ = {isa = PBXFileReference; explicitFileType = wrapper.cfbundle; includeInIndex = 0; path = TextMutationTestsTests.xctest; sourceTree = BUILT_PRODUCTS_DIR; };
		1297B7811B61EB0700C560B1 /* Info.plist */ = {isa = PBXFileReference; lastKnownFileType = text.plist.xml; path = Info.plist; sourceTree = "<group>"; };
		1297B7821B61EB0700C560B1 /* TextMutationTestsTests.m */ = {isa = PBXFileReference; lastKnownFileType = sourcecode.c.objc; path = TextMutationTestsTests.m; sourceTree = "<group>"; };
		12C46D661B61EFE0000C8BC4 /* glyphicons_009_magic.png */ = {isa = PBXFileReference; lastKnownFileType = image.png; path = glyphicons_009_magic.png; sourceTree = "<group>"; };
		12C46D671B61EFE0000C8BC4 /* glyphicons_009_magic@2x.png */ = {isa = PBXFileReference; lastKnownFileType = image.png; path = "glyphicons_009_magic@2x.png"; sourceTree = "<group>"; };
		12C46D6A1B61EFF8000C8BC4 /* glyphicons_139_adjust_alt.png */ = {isa = PBXFileReference; lastKnownFileType = image.png; path = glyphicons_139_adjust_alt.png; sourceTree = "<group>"; };
		12C46D6B1B61EFF8000C8BC4 /* glyphicons_139_adjust_alt@2x.png */ = {isa = PBXFileReference; lastKnownFileType = image.png; path = "glyphicons_139_adjust_alt@2x.png"; sourceTree = "<group>"; };
		12C46D6E1B61F007000C8BC4 /* glyphicons_189_brightness_increase.png */ = {isa = PBXFileReference; lastKnownFileType = image.png; path = glyphicons_189_brightness_increase.png; sourceTree = "<group>"; };
		12C46D6F1B61F007000C8BC4 /* glyphicons_189_brightness_increase@2x.png */ = {isa = PBXFileReference; lastKnownFileType = image.png; path = "glyphicons_189_brightness_increase@2x.png"; sourceTree = "<group>"; };
		12C46D721B61F063000C8BC4 /* webViewController.h */ = {isa = PBXFileReference; fileEncoding = 4; lastKnownFileType = sourcecode.c.h; path = webViewController.h; sourceTree = "<group>"; };
		12C46D731B61F063000C8BC4 /* webViewController.m */ = {isa = PBXFileReference; fileEncoding = 4; lastKnownFileType = sourcecode.c.objc; path = webViewController.m; sourceTree = "<group>"; };
		12C46D781B61F0AC000C8BC4 /* settingsTableViewController.h */ = {isa = PBXFileReference; fileEncoding = 4; lastKnownFileType = sourcecode.c.h; path = settingsTableViewController.h; sourceTree = "<group>"; };
		12C46D791B61F0AC000C8BC4 /* settingsTableViewController.m */ = {isa = PBXFileReference; fileEncoding = 4; lastKnownFileType = sourcecode.c.objc; path = settingsTableViewController.m; sourceTree = "<group>"; };
/* End PBXFileReference section */

/* Begin PBXFrameworksBuildPhase section */
		1297B7601B61EB0700C560B1 /* Frameworks */ = {
			isa = PBXFrameworksBuildPhase;
			buildActionMask = 2147483647;
			files = (
			);
			runOnlyForDeploymentPostprocessing = 0;
		};
		1297B7791B61EB0700C560B1 /* Frameworks */ = {
			isa = PBXFrameworksBuildPhase;
			buildActionMask = 2147483647;
			files = (
			);
			runOnlyForDeploymentPostprocessing = 0;
		};
/* End PBXFrameworksBuildPhase section */

/* Begin PBXGroup section */
		1297B75A1B61EB0700C560B1 = {
			isa = PBXGroup;
			children = (
				1297B7651B61EB0700C560B1 /* TextMutationTests */,
				1297B77F1B61EB0700C560B1 /* TextMutationTestsTests */,
				1297B7641B61EB0700C560B1 /* Products */,
			);
			sourceTree = "<group>";
		};
		1297B7641B61EB0700C560B1 /* Products */ = {
			isa = PBXGroup;
			children = (
				1297B7631B61EB0700C560B1 /* TextMutationTests.app */,
				1297B77C1B61EB0700C560B1 /* TextMutationTestsTests.xctest */,
			);
			name = Products;
			sourceTree = "<group>";
		};
		1297B7651B61EB0700C560B1 /* TextMutationTests */ = {
			isa = PBXGroup;
			children = (
				12C46D661B61EFE0000C8BC4 /* glyphicons_009_magic.png */,
				12C46D671B61EFE0000C8BC4 /* glyphicons_009_magic@2x.png */,
				12C46D6A1B61EFF8000C8BC4 /* glyphicons_139_adjust_alt.png */,
				12C46D6B1B61EFF8000C8BC4 /* glyphicons_139_adjust_alt@2x.png */,
				12C46D6E1B61F007000C8BC4 /* glyphicons_189_brightness_increase.png */,
				12C46D6F1B61F007000C8BC4 /* glyphicons_189_brightness_increase@2x.png */,
				1297B76A1B61EB0700C560B1 /* AppDelegate.h */,
				1297B76B1B61EB0700C560B1 /* AppDelegate.m */,
				1297B76D1B61EB0700C560B1 /* ViewController.h */,
				1297B76E1B61EB0700C560B1 /* ViewController.m */,
				1297B7701B61EB0700C560B1 /* Main.storyboard */,
				1297B7731B61EB0700C560B1 /* Images.xcassets */,
				1297B7751B61EB0700C560B1 /* LaunchScreen.xib */,
				1297B7661B61EB0700C560B1 /* Supporting Files */,
				12C46D721B61F063000C8BC4 /* webViewController.h */,
				12C46D731B61F063000C8BC4 /* webViewController.m */,
				12C46D781B61F0AC000C8BC4 /* settingsTableViewController.h */,
				12C46D791B61F0AC000C8BC4 /* settingsTableViewController.m */,
			);
			path = TextMutationTests;
			sourceTree = "<group>";
		};
		1297B7661B61EB0700C560B1 /* Supporting Files */ = {
			isa = PBXGroup;
			children = (
				1297B7671B61EB0700C560B1 /* Info.plist */,
				1297B7681B61EB0700C560B1 /* main.m */,
			);
			name = "Supporting Files";
			sourceTree = "<group>";
		};
		1297B77F1B61EB0700C560B1 /* TextMutationTestsTests */ = {
			isa = PBXGroup;
			children = (
				1297B7821B61EB0700C560B1 /* TextMutationTestsTests.m */,
				1297B7801B61EB0700C560B1 /* Supporting Files */,
			);
			path = TextMutationTestsTests;
			sourceTree = "<group>";
		};
		1297B7801B61EB0700C560B1 /* Supporting Files */ = {
			isa = PBXGroup;
			children = (
				1297B7811B61EB0700C560B1 /* Info.plist */,
			);
			name = "Supporting Files";
			sourceTree = "<group>";
		};
/* End PBXGroup section */

/* Begin PBXNativeTarget section */
		1297B7621B61EB0700C560B1 /* TextMutationTests */ = {
			isa = PBXNativeTarget;
			buildConfigurationList = 1297B7861B61EB0700C560B1 /* Build configuration list for PBXNativeTarget "TextMutationTests" */;
			buildPhases = (
				1297B75F1B61EB0700C560B1 /* Sources */,
				1297B7601B61EB0700C560B1 /* Frameworks */,
				1297B7611B61EB0700C560B1 /* Resources */,
			);
			buildRules = (
			);
			dependencies = (
			);
			name = TextMutationTests;
			productName = TextMutationTests;
			productReference = 1297B7631B61EB0700C560B1 /* TextMutationTests.app */;
			productType = "com.apple.product-type.application";
		};
		1297B77B1B61EB0700C560B1 /* TextMutationTestsTests */ = {
			isa = PBXNativeTarget;
			buildConfigurationList = 1297B7891B61EB0700C560B1 /* Build configuration list for PBXNativeTarget "TextMutationTestsTests" */;
			buildPhases = (
				1297B7781B61EB0700C560B1 /* Sources */,
				1297B7791B61EB0700C560B1 /* Frameworks */,
				1297B77A1B61EB0700C560B1 /* Resources */,
			);
			buildRules = (
			);
			dependencies = (
				1297B77E1B61EB0700C560B1 /* PBXTargetDependency */,
			);
			name = TextMutationTestsTests;
			productName = TextMutationTestsTests;
			productReference = 1297B77C1B61EB0700C560B1 /* TextMutationTestsTests.xctest */;
			productType = "com.apple.product-type.bundle.unit-test";
		};
/* End PBXNativeTarget section */

/* Begin PBXProject section */
		1297B75B1B61EB0700C560B1 /* Project object */ = {
			isa = PBXProject;
			attributes = {
				LastUpgradeCheck = 0640;
				ORGANIZATIONNAME = "Department for Education and Child Development";
				TargetAttributes = {
					1297B7621B61EB0700C560B1 = {
						CreatedOnToolsVersion = 6.4;
					};
					1297B77B1B61EB0700C560B1 = {
						CreatedOnToolsVersion = 6.4;
						TestTargetID = 1297B7621B61EB0700C560B1;
					};
				};
			};
			buildConfigurationList = 1297B75E1B61EB0700C560B1 /* Build configuration list for PBXProject "TextMutationTests" */;
			compatibilityVersion = "Xcode 3.2";
			developmentRegion = English;
			hasScannedForEncodings = 0;
			knownRegions = (
				en,
				Base,
			);
			mainGroup = 1297B75A1B61EB0700C560B1;
			productRefGroup = 1297B7641B61EB0700C560B1 /* Products */;
			projectDirPath = "";
			projectRoot = "";
			targets = (
				1297B7621B61EB0700C560B1 /* TextMutationTests */,
				1297B77B1B61EB0700C560B1 /* TextMutationTestsTests */,
			);
		};
/* End PBXProject section */

/* Begin PBXResourcesBuildPhase section */
		1297B7611B61EB0700C560B1 /* Resources */ = {
			isa = PBXResourcesBuildPhase;
			buildActionMask = 2147483647;
			files = (
				12C46D691B61EFE0000C8BC4 /* glyphicons_009_magic@2x.png in Resources */,
				1297B7721B61EB0700C560B1 /* Main.storyboard in Resources */,
				1297B7771B61EB0700C560B1 /* LaunchScreen.xib in Resources */,
				12C46D701B61F007000C8BC4 /* glyphicons_189_brightness_increase.png in Resources */,
				1297B7741B61EB0700C560B1 /* Images.xcassets in Resources */,
				12C46D6D1B61EFF8000C8BC4 /* glyphicons_139_adjust_alt@2x.png in Resources */,
				12C46D6C1B61EFF8000C8BC4 /* glyphicons_139_adjust_alt.png in Resources */,
				12C46D711B61F007000C8BC4 /* glyphicons_189_brightness_increase@2x.png in Resources */,
				12C46D681B61EFE0000C8BC4 /* glyphicons_009_magic.png in Resources */,
			);
			runOnlyForDeploymentPostprocessing = 0;
		};
		1297B77A1B61EB0700C560B1 /* Resources */ = {
			isa = PBXResourcesBuildPhase;
			buildActionMask = 2147483647;
			files = (
			);
			runOnlyForDeploymentPostprocessing = 0;
		};
/* End PBXResourcesBuildPhase section */

/* Begin PBXSourcesBuildPhase section */
		1297B75F1B61EB0700C560B1 /* Sources */ = {
			isa = PBXSourcesBuildPhase;
			buildActionMask = 2147483647;
			files = (
				1297B76F1B61EB0700C560B1 /* ViewController.m in Sources */,
				1297B76C1B61EB0700C560B1 /* AppDelegate.m in Sources */,
				1297B7691B61EB0700C560B1 /* main.m in Sources */,
				12C46D7A1B61F0AC000C8BC4 /* settingsTableViewController.m in Sources */,
				12C46D741B61F063000C8BC4 /* webViewController.m in Sources */,
			);
			runOnlyForDeploymentPostprocessing = 0;
		};
		1297B7781B61EB0700C560B1 /* Sources */ = {
			isa = PBXSourcesBuildPhase;
			buildActionMask = 2147483647;
			files = (
				1297B7831B61EB0700C560B1 /* TextMutationTestsTests.m in Sources */,
			);
			runOnlyForDeploymentPostprocessing = 0;
		};
/* End PBXSourcesBuildPhase section */

/* Begin PBXTargetDependency section */
		1297B77E1B61EB0700C560B1 /* PBXTargetDependency */ = {
			isa = PBXTargetDependency;
			target = 1297B7621B61EB0700C560B1 /* TextMutationTests */;
			targetProxy = 1297B77D1B61EB0700C560B1 /* PBXContainerItemProxy */;
		};
/* End PBXTargetDependency section */

/* Begin PBXVariantGroup section */
		1297B7701B61EB0700C560B1 /* Main.storyboard */ = {
			isa = PBXVariantGroup;
			children = (
				1297B7711B61EB0700C560B1 /* Base */,
			);
			name = Main.storyboard;
			sourceTree = "<group>";
		};
		1297B7751B61EB0700C560B1 /* LaunchScreen.xib */ = {
			isa = PBXVariantGroup;
			children = (
				1297B7761B61EB0700C560B1 /* Base */,
			);
			name = LaunchScreen.xib;
			sourceTree = "<group>";
		};
/* End PBXVariantGroup section */

/* Begin XCBuildConfiguration section */
		1297B7841B61EB0700C560B1 /* Debug */ = {
			isa = XCBuildConfiguration;
			buildSettings = {
				ALWAYS_SEARCH_USER_PATHS = NO;
				CLANG_CXX_LANGUAGE_STANDARD = "gnu++0x";
				CLANG_CXX_LIBRARY = "libc++";
				CLANG_ENABLE_MODULES = YES;
				CLANG_ENABLE_OBJC_ARC = YES;
				CLANG_WARN_BOOL_CONVERSION = YES;
				CLANG_WARN_CONSTANT_CONVERSION = YES;
				CLANG_WARN_DIRECT_OBJC_ISA_USAGE = YES_ERROR;
				CLANG_WARN_EMPTY_BODY = YES;
				CLANG_WARN_ENUM_CONVERSION = YES;
				CLANG_WARN_INT_CONVERSION = YES;
				CLANG_WARN_OBJC_ROOT_CLASS = YES_ERROR;
				CLANG_WARN_UNREACHABLE_CODE = YES;
				CLANG_WARN__DUPLICATE_METHOD_MATCH = YES;
				"CODE_SIGN_IDENTITY[sdk=iphoneos*]" = "iPhone Developer";
				COPY_PHASE_STRIP = NO;
				DEBUG_INFORMATION_FORMAT = "dwarf-with-dsym";
				ENABLE_STRICT_OBJC_MSGSEND = YES;
				GCC_C_LANGUAGE_STANDARD = gnu99;
				GCC_DYNAMIC_NO_PIC = NO;
				GCC_NO_COMMON_BLOCKS = YES;
				GCC_OPTIMIZATION_LEVEL = 0;
				GCC_PREPROCESSOR_DEFINITIONS = (
					"DEBUG=1",
					"$(inherited)",
				);
				GCC_SYMBOLS_PRIVATE_EXTERN = NO;
				GCC_WARN_64_TO_32_BIT_CONVERSION = YES;
				GCC_WARN_ABOUT_RETURN_TYPE = YES_ERROR;
				GCC_WARN_UNDECLARED_SELECTOR = YES;
				GCC_WARN_UNINITIALIZED_AUTOS = YES_AGGRESSIVE;
				GCC_WARN_UNUSED_FUNCTION = YES;
				GCC_WARN_UNUSED_VARIABLE = YES;
				IPHONEOS_DEPLOYMENT_TARGET = 8.4;
				MTL_ENABLE_DEBUG_INFO = YES;
				ONLY_ACTIVE_ARCH = YES;
				SDKROOT = iphoneos;
				TARGETED_DEVICE_FAMILY = "1,2";
			};
			name = Debug;
		};
		1297B7851B61EB0700C560B1 /* Release */ = {
			isa = XCBuildConfiguration;
			buildSettings = {
				ALWAYS_SEARCH_USER_PATHS = NO;
				CLANG_CXX_LANGUAGE_STANDARD = "gnu++0x";
				CLANG_CXX_LIBRARY = "libc++";
				CLANG_ENABLE_MODULES = YES;
				CLANG_ENABLE_OBJC_ARC = YES;
				CLANG_WARN_BOOL_CONVERSION = YES;
				CLANG_WARN_CONSTANT_CONVERSION = YES;
				CLANG_WARN_DIRECT_OBJC_ISA_USAGE = YES_ERROR;
				CLANG_WARN_EMPTY_BODY = YES;
				CLANG_WARN_ENUM_CONVERSION = YES;
				CLANG_WARN_INT_CONVERSION = YES;
				CLANG_WARN_OBJC_ROOT_CLASS = YES_ERROR;
				CLANG_WARN_UNREACHABLE_CODE = YES;
				CLANG_WARN__DUPLICATE_METHOD_MATCH = YES;
				"CODE_SIGN_IDENTITY[sdk=iphoneos*]" = "iPhone Developer";
				COPY_PHASE_STRIP = NO;
				DEBUG_INFORMATION_FORMAT = "dwarf-with-dsym";
				ENABLE_NS_ASSERTIONS = NO;
				ENABLE_STRICT_OBJC_MSGSEND = YES;
				GCC_C_LANGUAGE_STANDARD = gnu99;
				GCC_NO_COMMON_BLOCKS = YES;
				GCC_WARN_64_TO_32_BIT_CONVERSION = YES;
				GCC_WARN_ABOUT_RETURN_TYPE = YES_ERROR;
				GCC_WARN_UNDECLARED_SELECTOR = YES;
				GCC_WARN_UNINITIALIZED_AUTOS = YES_AGGRESSIVE;
				GCC_WARN_UNUSED_FUNCTION = YES;
				GCC_WARN_UNUSED_VARIABLE = YES;
				IPHONEOS_DEPLOYMENT_TARGET = 8.4;
				MTL_ENABLE_DEBUG_INFO = NO;
				SDKROOT = iphoneos;
				TARGETED_DEVICE_FAMILY = "1,2";
				VALIDATE_PRODUCT = YES;
			};
			name = Release;
		};
		1297B7871B61EB0700C560B1 /* Debug */ = {
			isa = XCBuildConfiguration;
			buildSettings = {
				ASSETCATALOG_COMPILER_APPICON_NAME = AppIcon;
				INFOPLIST_FILE = TextMutationTests/Info.plist;
				LD_RUNPATH_SEARCH_PATHS = "$(inherited) @executable_path/Frameworks";
				PRODUCT_NAME = "$(TARGET_NAME)";
			};
			name = Debug;
		};
		1297B7881B61EB0700C560B1 /* Release */ = {
			isa = XCBuildConfiguration;
			buildSettings = {
				ASSETCATALOG_COMPILER_APPICON_NAME = AppIcon;
				INFOPLIST_FILE = TextMutationTests/Info.plist;
				LD_RUNPATH_SEARCH_PATHS = "$(inherited) @executable_path/Frameworks";
				PRODUCT_NAME = "$(TARGET_NAME)";
			};
			name = Release;
		};
		1297B78A1B61EB0700C560B1 /* Debug */ = {
			isa = XCBuildConfiguration;
			buildSettings = {
				BUNDLE_LOADER = "$(TEST_HOST)";
				FRAMEWORK_SEARCH_PATHS = (
					"$(SDKROOT)/Developer/Library/Frameworks",
					"$(inherited)",
				);
				GCC_PREPROCESSOR_DEFINITIONS = (
					"DEBUG=1",
					"$(inherited)",
				);
				INFOPLIST_FILE = TextMutationTestsTests/Info.plist;
				LD_RUNPATH_SEARCH_PATHS = "$(inherited) @executable_path/Frameworks @loader_path/Frameworks";
				PRODUCT_NAME = "$(TARGET_NAME)";
				TEST_HOST = "$(BUILT_PRODUCTS_DIR)/TextMutationTests.app/TextMutationTests";
			};
			name = Debug;
		};
		1297B78B1B61EB0700C560B1 /* Release */ = {
			isa = XCBuildConfiguration;
			buildSettings = {
				BUNDLE_LOADER = "$(TEST_HOST)";
				FRAMEWORK_SEARCH_PATHS = (
					"$(SDKROOT)/Developer/Library/Frameworks",
					"$(inherited)",
				);
				INFOPLIST_FILE = TextMutationTestsTests/Info.plist;
				LD_RUNPATH_SEARCH_PATHS = "$(inherited) @executable_path/Frameworks @loader_path/Frameworks";
				PRODUCT_NAME = "$(TARGET_NAME)";
				TEST_HOST = "$(BUILT_PRODUCTS_DIR)/TextMutationTests.app/TextMutationTests";
			};
			name = Release;
		};
/* End XCBuildConfiguration section */

/* Begin XCConfigurationList section */
		1297B75E1B61EB0700C560B1 /* Build configuration list for PBXProject "TextMutationTests" */ = {
			isa = XCConfigurationList;
			buildConfigurations = (
				1297B7841B61EB0700C560B1 /* Debug */,
				1297B7851B61EB0700C560B1 /* Release */,
			);
			defaultConfigurationIsVisible = 0;
			defaultConfigurationName = Release;
		};
		1297B7861B61EB0700C560B1 /* Build configuration list for PBXNativeTarget "TextMutationTests" */ = {
			isa = XCConfigurationList;
			buildConfigurations = (
				1297B7871B61EB0700C560B1 /* Debug */,
				1297B7881B61EB0700C560B1 /* Release */,
			);
			defaultConfigurationIsVisible = 0;
			defaultConfigurationName = Release;
		};
		1297B7891B61EB0700C560B1 /* Build configuration list for PBXNativeTarget "TextMutationTestsTests" */ = {
			isa = XCConfigurationList;
			buildConfigurations = (
				1297B78A1B61EB0700C560B1 /* Debug */,
				1297B78B1B61EB0700C560B1 /* Release */,
			);
			defaultConfigurationIsVisible = 0;
			defaultConfigurationName = Release;
		};
/* End XCConfigurationList section */
	};
	rootObject = 1297B75B1B61EB0700C560B1 /* Project object */;
}
