// !$*UTF8*$!
{
	archiveVersion = 1;
	classes = {
	};
	objectVersion = 46;
	objects = {

/* Begin PBXBuildFile section */
		1219C7811B4F51460017EC52 /* determineDetailForCode.m in Sources */ = {isa = PBXBuildFile; fileRef = 1219C7801B4F51460017EC52 /* determineDetailForCode.m */; };
		122727B31B1560750050768B /* tfel_compass_lg.png in Resources */ = {isa = PBXBuildFile; fileRef = 122727B01B1560750050768B /* tfel_compass_lg.png */; };
		122727B41B1560750050768B /* tfel_compass_lg@2x.png in Resources */ = {isa = PBXBuildFile; fileRef = 122727B11B1560750050768B /* tfel_compass_lg@2x.png */; };
		122727B51B1560750050768B /* tfel_compass_lg@3x.png in Resources */ = {isa = PBXBuildFile; fileRef = 122727B21B1560750050768B /* tfel_compass_lg@3x.png */; };
		122727C01B1568000050768B /* TfEL-Compass-graphic_Domain-2_small-yellow.png in Resources */ = {isa = PBXBuildFile; fileRef = 122727B71B1568000050768B /* TfEL-Compass-graphic_Domain-2_small-yellow.png */; };
		122727C11B1568000050768B /* TfEL-Compass-graphic_Domain-2_small-yellow@2x.png in Resources */ = {isa = PBXBuildFile; fileRef = 122727B81B1568000050768B /* TfEL-Compass-graphic_Domain-2_small-yellow@2x.png */; };
		122727C21B1568000050768B /* TfEL-Compass-graphic_Domain-2_small-yellow@3x.png in Resources */ = {isa = PBXBuildFile; fileRef = 122727B91B1568000050768B /* TfEL-Compass-graphic_Domain-2_small-yellow@3x.png */; };
		122727C31B1568000050768B /* TfEL-Compass-graphic_Domain-3_small-yellow.png in Resources */ = {isa = PBXBuildFile; fileRef = 122727BA1B1568000050768B /* TfEL-Compass-graphic_Domain-3_small-yellow.png */; };
		122727C41B1568000050768B /* TfEL-Compass-graphic_Domain-3_small-yellow@2x.png in Resources */ = {isa = PBXBuildFile; fileRef = 122727BB1B1568000050768B /* TfEL-Compass-graphic_Domain-3_small-yellow@2x.png */; };
		122727C51B1568000050768B /* TfEL-Compass-graphic_Domain-3_small-yellow@3x.png in Resources */ = {isa = PBXBuildFile; fileRef = 122727BC1B1568000050768B /* TfEL-Compass-graphic_Domain-3_small-yellow@3x.png */; };
		122727C61B1568000050768B /* TfEL-Compass-graphic_Domain-4_small-yellow.png in Resources */ = {isa = PBXBuildFile; fileRef = 122727BD1B1568000050768B /* TfEL-Compass-graphic_Domain-4_small-yellow.png */; };
		122727C71B1568000050768B /* TfEL-Compass-graphic_Domain-4_small-yellow@2x.png in Resources */ = {isa = PBXBuildFile; fileRef = 122727BE1B1568000050768B /* TfEL-Compass-graphic_Domain-4_small-yellow@2x.png */; };
		122727C81B1568000050768B /* TfEL-Compass-graphic_Domain-4_small-yellow@3x.png in Resources */ = {isa = PBXBuildFile; fileRef = 122727BF1B1568000050768B /* TfEL-Compass-graphic_Domain-4_small-yellow@3x.png */; };
		122727CC1B156EB80050768B /* domainsListTableViewController.m in Sources */ = {isa = PBXBuildFile; fileRef = 122727CB1B156EB80050768B /* domainsListTableViewController.m */; };
		122727CF1B1586EA0050768B /* show-lines.png in Resources */ = {isa = PBXBuildFile; fileRef = 122727CD1B1586EA0050768B /* show-lines.png */; };
		122727D01B1586EA0050768B /* show-lines@2x.png in Resources */ = {isa = PBXBuildFile; fileRef = 122727CE1B1586EA0050768B /* show-lines@2x.png */; };
		1237598C1B5CB06A007F5F79 /* neals_gs@2x.jpg in Resources */ = {isa = PBXBuildFile; fileRef = 1237598B1B5CB06A007F5F79 /* neals_gs@2x.jpg */; };
		124ABA501B292C0200435632 /* CloudKit.framework in Frameworks */ = {isa = PBXBuildFile; fileRef = 124ABA4F1B292C0200435632 /* CloudKit.framework */; };
		124ABA561B2935B100435632 /* backImage.png in Resources */ = {isa = PBXBuildFile; fileRef = 124ABA541B2935B100435632 /* backImage.png */; };
		124ABA571B2935B100435632 /* backImage@2x.png in Resources */ = {isa = PBXBuildFile; fileRef = 124ABA551B2935B100435632 /* backImage@2x.png */; };
		124ABA5C1B294E6200435632 /* myEntriesTableViewController.m in Sources */ = {isa = PBXBuildFile; fileRef = 124ABA5B1B294E6200435632 /* myEntriesTableViewController.m */; };
		124ABA601B2A56E600435632 /* DECS SATfEL FG_Cover_A4.png in Resources */ = {isa = PBXBuildFile; fileRef = 124ABA5D1B2A56E600435632 /* DECS SATfEL FG_Cover_A4.png */; };
		124ABA611B2A56E600435632 /* DECS SATfEL FG_Cover_A4@2x.png in Resources */ = {isa = PBXBuildFile; fileRef = 124ABA5E1B2A56E600435632 /* DECS SATfEL FG_Cover_A4@2x.png */; };
		124ABA621B2A56E600435632 /* DECS SATfEL FG_Cover_A4@3x.png in Resources */ = {isa = PBXBuildFile; fileRef = 124ABA5F1B2A56E600435632 /* DECS SATfEL FG_Cover_A4@3x.png */; };
		124ABA6C1B2A5D4D00435632 /* blue-tt.png in Resources */ = {isa = PBXBuildFile; fileRef = 124ABA641B2A5D4D00435632 /* blue-tt.png */; };
		124ABA6D1B2A5D4D00435632 /* blue-tt@2x.png in Resources */ = {isa = PBXBuildFile; fileRef = 124ABA651B2A5D4D00435632 /* blue-tt@2x.png */; };
		124ABA6E1B2A5D4D00435632 /* green-tt.png in Resources */ = {isa = PBXBuildFile; fileRef = 124ABA661B2A5D4D00435632 /* green-tt.png */; };
		124ABA6F1B2A5D4D00435632 /* green-tt@2x.png in Resources */ = {isa = PBXBuildFile; fileRef = 124ABA671B2A5D4D00435632 /* green-tt@2x.png */; };
		124ABA701B2A5D4D00435632 /* red-tt.png in Resources */ = {isa = PBXBuildFile; fileRef = 124ABA681B2A5D4D00435632 /* red-tt.png */; };
		124ABA711B2A5D4D00435632 /* red-tt@2x.png in Resources */ = {isa = PBXBuildFile; fileRef = 124ABA691B2A5D4D00435632 /* red-tt@2x.png */; };
		124ABA721B2A5D4D00435632 /* yellow-tt.png in Resources */ = {isa = PBXBuildFile; fileRef = 124ABA6A1B2A5D4D00435632 /* yellow-tt.png */; };
		124ABA731B2A5D4D00435632 /* yellow-tt@2x.png in Resources */ = {isa = PBXBuildFile; fileRef = 124ABA6B1B2A5D4D00435632 /* yellow-tt@2x.png */; };
		124ABA771B2A630000435632 /* nextStepsTableViewController.m in Sources */ = {isa = PBXBuildFile; fileRef = 124ABA761B2A630000435632 /* nextStepsTableViewController.m */; };
		124ABA7B1B2A631D00435632 /* domainDetailTableViewController.m in Sources */ = {isa = PBXBuildFile; fileRef = 124ABA7A1B2A631D00435632 /* domainDetailTableViewController.m */; };
		124ABA7F1B2A67F700435632 /* abstractionLayer.m in Sources */ = {isa = PBXBuildFile; fileRef = 124ABA7E1B2A67F700435632 /* abstractionLayer.m */; };
		124ABA831B2A765800435632 /* getDataByCode.m in Sources */ = {isa = PBXBuildFile; fileRef = 124ABA821B2A765800435632 /* getDataByCode.m */; };
		124ABA871B2A994400435632 /* dataCreatorViewController.m in Sources */ = {isa = PBXBuildFile; fileRef = 124ABA861B2A994400435632 /* dataCreatorViewController.m */; };
		124ABA891B2AA3E600435632 /* tfeluserdata.sqlite in Resources */ = {isa = PBXBuildFile; fileRef = 124ABA881B2AA3E600435632 /* tfeluserdata.sqlite */; };
		1289122B1B44DF6D00765785 /* determineDomainUIImageForReturn.m in Sources */ = {isa = PBXBuildFile; fileRef = 1289122A1B44DF6D00765785 /* determineDomainUIImageForReturn.m */; };
		12929A9F1B1E793900E6E029 /* domainReflectionTableViewController.m in Sources */ = {isa = PBXBuildFile; fileRef = 12929A9E1B1E793900E6E029 /* domainReflectionTableViewController.m */; };
		12929AA81B1E832E00E6E029 /* SZTextView.m in Sources */ = {isa = PBXBuildFile; fileRef = 12929AA71B1E832E00E6E029 /* SZTextView.m */; };
		12929AAA1B1E862F00E6E029 /* libsqlite3.dylib in Frameworks */ = {isa = PBXBuildFile; fileRef = 12929AA91B1E862F00E6E029 /* libsqlite3.dylib */; };
		12929ACA1B1E905900E6E029 /* FMDatabase.m in Sources */ = {isa = PBXBuildFile; fileRef = 12929AC01B1E905900E6E029 /* FMDatabase.m */; };
		12929ACB1B1E905900E6E029 /* FMDatabaseAdditions.m in Sources */ = {isa = PBXBuildFile; fileRef = 12929AC21B1E905900E6E029 /* FMDatabaseAdditions.m */; };
		12929ACC1B1E905900E6E029 /* FMDatabasePool.m in Sources */ = {isa = PBXBuildFile; fileRef = 12929AC41B1E905900E6E029 /* FMDatabasePool.m */; };
		12929ACD1B1E905900E6E029 /* FMDatabaseQueue.m in Sources */ = {isa = PBXBuildFile; fileRef = 12929AC61B1E905900E6E029 /* FMDatabaseQueue.m */; };
		12929ACE1B1E905900E6E029 /* FMResultSet.m in Sources */ = {isa = PBXBuildFile; fileRef = 12929AC91B1E905900E6E029 /* FMResultSet.m */; };
		12C30CC21B3A331B008A28A1 /* compass_bg.png in Resources */ = {isa = PBXBuildFile; fileRef = 12C30CC01B3A331A008A28A1 /* compass_bg.png */; };
		12C30CC31B3A331B008A28A1 /* compass_bg@2x.png in Resources */ = {isa = PBXBuildFile; fileRef = 12C30CC11B3A331A008A28A1 /* compass_bg@2x.png */; };
		12C30CD01B3A4F64008A28A1 /* resourceViewController.m in Sources */ = {isa = PBXBuildFile; fileRef = 12C30CCF1B3A4F64008A28A1 /* resourceViewController.m */; };
		12C30CE01B3B771E008A28A1 /* happy-face.png in Resources */ = {isa = PBXBuildFile; fileRef = 12C30CDA1B3B771E008A28A1 /* happy-face.png */; };
		12C30CE11B3B771E008A28A1 /* happy-face@2x.png in Resources */ = {isa = PBXBuildFile; fileRef = 12C30CDB1B3B771E008A28A1 /* happy-face@2x.png */; };
		12C30CE21B3B771E008A28A1 /* happy-face@3x.png in Resources */ = {isa = PBXBuildFile; fileRef = 12C30CDC1B3B771E008A28A1 /* happy-face@3x.png */; };
		12C30CE31B3B771E008A28A1 /* sad-face.png in Resources */ = {isa = PBXBuildFile; fileRef = 12C30CDD1B3B771E008A28A1 /* sad-face.png */; };
		12C30CE41B3B771E008A28A1 /* sad-face@2x.png in Resources */ = {isa = PBXBuildFile; fileRef = 12C30CDE1B3B771E008A28A1 /* sad-face@2x.png */; };
		12C30CE51B3B771E008A28A1 /* sad-face@3x.png in Resources */ = {isa = PBXBuildFile; fileRef = 12C30CDF1B3B771E008A28A1 /* sad-face@3x.png */; };
		12C30CF41B3BA9BD008A28A1 /* 4.4.pdf in Resources */ = {isa = PBXBuildFile; fileRef = 12C30CE81B3BA9BD008A28A1 /* 4.4.pdf */; };
		12C30CF51B3BA9BD008A28A1 /* 4.3.pdf in Resources */ = {isa = PBXBuildFile; fileRef = 12C30CE91B3BA9BD008A28A1 /* 4.3.pdf */; };
		12C30CF61B3BA9BD008A28A1 /* 4.2.pdf in Resources */ = {isa = PBXBuildFile; fileRef = 12C30CEA1B3BA9BD008A28A1 /* 4.2.pdf */; };
		12C30CF71B3BA9BD008A28A1 /* 4.1.pdf in Resources */ = {isa = PBXBuildFile; fileRef = 12C30CEB1B3BA9BD008A28A1 /* 4.1.pdf */; };
		12C30CF81B3BA9BD008A28A1 /* 3.4.pdf in Resources */ = {isa = PBXBuildFile; fileRef = 12C30CEC1B3BA9BD008A28A1 /* 3.4.pdf */; };
		12C30CF91B3BA9BD008A28A1 /* 3.3.pdf in Resources */ = {isa = PBXBuildFile; fileRef = 12C30CED1B3BA9BD008A28A1 /* 3.3.pdf */; };
		12C30CFA1B3BA9BD008A28A1 /* 3.2.pdf in Resources */ = {isa = PBXBuildFile; fileRef = 12C30CEE1B3BA9BD008A28A1 /* 3.2.pdf */; };
		12C30CFB1B3BA9BD008A28A1 /* 3.1.pdf in Resources */ = {isa = PBXBuildFile; fileRef = 12C30CEF1B3BA9BD008A28A1 /* 3.1.pdf */; };
		12C30CFC1B3BA9BD008A28A1 /* 2.4.pdf in Resources */ = {isa = PBXBuildFile; fileRef = 12C30CF01B3BA9BD008A28A1 /* 2.4.pdf */; };
		12C30CFD1B3BA9BD008A28A1 /* 2.3.pdf in Resources */ = {isa = PBXBuildFile; fileRef = 12C30CF11B3BA9BD008A28A1 /* 2.3.pdf */; };
		12C30CFE1B3BA9BD008A28A1 /* 2.2.pdf in Resources */ = {isa = PBXBuildFile; fileRef = 12C30CF21B3BA9BD008A28A1 /* 2.2.pdf */; };
		12C30CFF1B3BA9BD008A28A1 /* 2.1.pdf in Resources */ = {isa = PBXBuildFile; fileRef = 12C30CF31B3BA9BD008A28A1 /* 2.1.pdf */; };
		12C30D031B3BC134008A28A1 /* dropMenuTableViewController.m in Sources */ = {isa = PBXBuildFile; fileRef = 12C30D021B3BC134008A28A1 /* dropMenuTableViewController.m */; };
		12C30D121B3BCE43008A28A1 /* 2.1_fg.pdf in Resources */ = {isa = PBXBuildFile; fileRef = 12C30D061B3BCE43008A28A1 /* 2.1_fg.pdf */; };
		12C30D131B3BCE43008A28A1 /* 2.2_fg.pdf in Resources */ = {isa = PBXBuildFile; fileRef = 12C30D071B3BCE43008A28A1 /* 2.2_fg.pdf */; };
		12C30D141B3BCE43008A28A1 /* 2.3_fg.pdf in Resources */ = {isa = PBXBuildFile; fileRef = 12C30D081B3BCE43008A28A1 /* 2.3_fg.pdf */; };
		12C30D151B3BCE43008A28A1 /* 2.4_fg.pdf in Resources */ = {isa = PBXBuildFile; fileRef = 12C30D091B3BCE43008A28A1 /* 2.4_fg.pdf */; };
		12C30D161B3BCE43008A28A1 /* 3.1_fg.pdf in Resources */ = {isa = PBXBuildFile; fileRef = 12C30D0A1B3BCE43008A28A1 /* 3.1_fg.pdf */; };
		12C30D171B3BCE43008A28A1 /* 3.2_fg.pdf in Resources */ = {isa = PBXBuildFile; fileRef = 12C30D0B1B3BCE43008A28A1 /* 3.2_fg.pdf */; };
		12C30D181B3BCE43008A28A1 /* 3.3_fg.pdf in Resources */ = {isa = PBXBuildFile; fileRef = 12C30D0C1B3BCE43008A28A1 /* 3.3_fg.pdf */; };
		12C30D191B3BCE43008A28A1 /* 3.4_fg.pdf in Resources */ = {isa = PBXBuildFile; fileRef = 12C30D0D1B3BCE43008A28A1 /* 3.4_fg.pdf */; };
		12C30D1A1B3BCE43008A28A1 /* 4.1_fg.pdf in Resources */ = {isa = PBXBuildFile; fileRef = 12C30D0E1B3BCE43008A28A1 /* 4.1_fg.pdf */; };
		12C30D1B1B3BCE43008A28A1 /* 4.2_fg.pdf in Resources */ = {isa = PBXBuildFile; fileRef = 12C30D0F1B3BCE43008A28A1 /* 4.2_fg.pdf */; };
		12C30D1C1B3BCE43008A28A1 /* 4.3_fg.pdf in Resources */ = {isa = PBXBuildFile; fileRef = 12C30D101B3BCE43008A28A1 /* 4.3_fg.pdf */; };
		12C30D1D1B3BCE43008A28A1 /* 4.4_fg.pdf in Resources */ = {isa = PBXBuildFile; fileRef = 12C30D111B3BCE43008A28A1 /* 4.4_fg.pdf */; };
		12C46D811B620496000C8BC4 /* thumbside.png in Resources */ = {isa = PBXBuildFile; fileRef = 12C46D7B1B620496000C8BC4 /* thumbside.png */; };
		12C46D821B620496000C8BC4 /* thumbside@2x.png in Resources */ = {isa = PBXBuildFile; fileRef = 12C46D7C1B620496000C8BC4 /* thumbside@2x.png */; };
		12C46D831B620496000C8BC4 /* thumbside@3x.png in Resources */ = {isa = PBXBuildFile; fileRef = 12C46D7D1B620496000C8BC4 /* thumbside@3x.png */; };
		12C46D841B620496000C8BC4 /* thumbup.png in Resources */ = {isa = PBXBuildFile; fileRef = 12C46D7E1B620496000C8BC4 /* thumbup.png */; };
		12C46D851B620496000C8BC4 /* thumbup@2x.png in Resources */ = {isa = PBXBuildFile; fileRef = 12C46D7F1B620496000C8BC4 /* thumbup@2x.png */; };
		12C46D861B620496000C8BC4 /* thumbup@3x.png in Resources */ = {isa = PBXBuildFile; fileRef = 12C46D801B620496000C8BC4 /* thumbup@3x.png */; };
		12C46D8A1B6209CB000C8BC4 /* ok.png in Resources */ = {isa = PBXBuildFile; fileRef = 12C46D871B6209CB000C8BC4 /* ok.png */; };
		12C46D8B1B6209CB000C8BC4 /* ok@2x.png in Resources */ = {isa = PBXBuildFile; fileRef = 12C46D881B6209CB000C8BC4 /* ok@2x.png */; };
		12C46D8C1B6209CB000C8BC4 /* ok@3x.png in Resources */ = {isa = PBXBuildFile; fileRef = 12C46D891B6209CB000C8BC4 /* ok@3x.png */; };
		12F711D81B0EF4030059C263 /* main.m in Sources */ = {isa = PBXBuildFile; fileRef = 12F711D71B0EF4030059C263 /* main.m */; };
		12F711DB1B0EF4030059C263 /* AppDelegate.m in Sources */ = {isa = PBXBuildFile; fileRef = 12F711DA1B0EF4030059C263 /* AppDelegate.m */; };
		12F711E11B0EF4040059C263 /* Main.storyboard in Resources */ = {isa = PBXBuildFile; fileRef = 12F711DF1B0EF4040059C263 /* Main.storyboard */; };
		12F711E31B0EF4040059C263 /* Images.xcassets in Resources */ = {isa = PBXBuildFile; fileRef = 12F711E21B0EF4040059C263 /* Images.xcassets */; };
		12F711E61B0EF4040059C263 /* LaunchScreen.xib in Resources */ = {isa = PBXBuildFile; fileRef = 12F711E41B0EF4040059C263 /* LaunchScreen.xib */; };
		12F711F21B0EF4040059C263 /* TfEL_Maths_PedagogyTests.m in Sources */ = {isa = PBXBuildFile; fileRef = 12F711F11B0EF4040059C263 /* TfEL_Maths_PedagogyTests.m */; };
		12F712071B0EFCB80059C263 /* navigationViewController.m in Sources */ = {isa = PBXBuildFile; fileRef = 12F712061B0EFCB80059C263 /* navigationViewController.m */; };
		12F7120F1B0F01CF0059C263 /* OE_Header.png in Resources */ = {isa = PBXBuildFile; fileRef = 12F7120D1B0F01CF0059C263 /* OE_Header.png */; };
		12F712101B0F01CF0059C263 /* OE_Header@2x.png in Resources */ = {isa = PBXBuildFile; fileRef = 12F7120E1B0F01CF0059C263 /* OE_Header@2x.png */; };
		12F712131B0F08D00059C263 /* getStartedViewController.m in Sources */ = {isa = PBXBuildFile; fileRef = 12F712121B0F08D00059C263 /* getStartedViewController.m */; };
		12F712161B0F0A0F0059C263 /* 72.png in Resources */ = {isa = PBXBuildFile; fileRef = 12F712141B0F0A0F0059C263 /* 72.png */; };
		12F712171B0F0A0F0059C263 /* 72@2x-152.png in Resources */ = {isa = PBXBuildFile; fileRef = 12F712151B0F0A0F0059C263 /* 72@2x-152.png */; };
		12F719151B1EC4BF00B9F7FB /* databaseDumperTest.m in Sources */ = {isa = PBXBuildFile; fileRef = 12F719141B1EC4BF00B9F7FB /* databaseDumperTest.m */; };
		12F719171B1EC5C000B9F7FB /* fileManager.m in Sources */ = {isa = PBXBuildFile; fileRef = 12F719161B1EC5C000B9F7FB /* fileManager.m */; };
		12F719181B1ECE9200B9F7FB /* tfelmped.sqlite in Resources */ = {isa = PBXBuildFile; fileRef = 12929ACF1B1E90DA00E6E029 /* tfelmped.sqlite */; };
		AB590F8A097F1BEB0B6D88B2 /* libPods-TfEL Maths Pedagogy.a in Frameworks */ = {isa = PBXBuildFile; fileRef = DFC6BA4C597E582E0439E0A6 /* libPods-TfEL Maths Pedagogy.a */; };
/* End PBXBuildFile section */

/* Begin PBXContainerItemProxy section */
		12F711EC1B0EF4040059C263 /* PBXContainerItemProxy */ = {
			isa = PBXContainerItemProxy;
			containerPortal = 12F711CA1B0EF4030059C263 /* Project object */;
			proxyType = 1;
			remoteGlobalIDString = 12F711D11B0EF4030059C263;
			remoteInfo = "TfEL Maths Pedagogy";
		};
/* End PBXContainerItemProxy section */

/* Begin PBXFileReference section */
		1219C77F1B4F51460017EC52 /* determineDetailForCode.h */ = {isa = PBXFileReference; fileEncoding = 4; lastKnownFileType = sourcecode.c.h; path = determineDetailForCode.h; sourceTree = "<group>"; };
		1219C7801B4F51460017EC52 /* determineDetailForCode.m */ = {isa = PBXFileReference; fileEncoding = 4; lastKnownFileType = sourcecode.c.objc; path = determineDetailForCode.m; sourceTree = "<group>"; };
		122727B01B1560750050768B /* tfel_compass_lg.png */ = {isa = PBXFileReference; lastKnownFileType = image.png; path = tfel_compass_lg.png; sourceTree = "<group>"; };
		122727B11B1560750050768B /* tfel_compass_lg@2x.png */ = {isa = PBXFileReference; lastKnownFileType = image.png; path = "tfel_compass_lg@2x.png"; sourceTree = "<group>"; };
		122727B21B1560750050768B /* tfel_compass_lg@3x.png */ = {isa = PBXFileReference; lastKnownFileType = image.png; path = "tfel_compass_lg@3x.png"; sourceTree = "<group>"; };
		122727B71B1568000050768B /* TfEL-Compass-graphic_Domain-2_small-yellow.png */ = {isa = PBXFileReference; lastKnownFileType = image.png; path = "TfEL-Compass-graphic_Domain-2_small-yellow.png"; sourceTree = "<group>"; };
		122727B81B1568000050768B /* TfEL-Compass-graphic_Domain-2_small-yellow@2x.png */ = {isa = PBXFileReference; lastKnownFileType = image.png; path = "TfEL-Compass-graphic_Domain-2_small-yellow@2x.png"; sourceTree = "<group>"; };
		122727B91B1568000050768B /* TfEL-Compass-graphic_Domain-2_small-yellow@3x.png */ = {isa = PBXFileReference; lastKnownFileType = image.png; path = "TfEL-Compass-graphic_Domain-2_small-yellow@3x.png"; sourceTree = "<group>"; };
		122727BA1B1568000050768B /* TfEL-Compass-graphic_Domain-3_small-yellow.png */ = {isa = PBXFileReference; lastKnownFileType = image.png; path = "TfEL-Compass-graphic_Domain-3_small-yellow.png"; sourceTree = "<group>"; };
		122727BB1B1568000050768B /* TfEL-Compass-graphic_Domain-3_small-yellow@2x.png */ = {isa = PBXFileReference; lastKnownFileType = image.png; path = "TfEL-Compass-graphic_Domain-3_small-yellow@2x.png"; sourceTree = "<group>"; };
		122727BC1B1568000050768B /* TfEL-Compass-graphic_Domain-3_small-yellow@3x.png */ = {isa = PBXFileReference; lastKnownFileType = image.png; path = "TfEL-Compass-graphic_Domain-3_small-yellow@3x.png"; sourceTree = "<group>"; };
		122727BD1B1568000050768B /* TfEL-Compass-graphic_Domain-4_small-yellow.png */ = {isa = PBXFileReference; lastKnownFileType = image.png; path = "TfEL-Compass-graphic_Domain-4_small-yellow.png"; sourceTree = "<group>"; };
		122727BE1B1568000050768B /* TfEL-Compass-graphic_Domain-4_small-yellow@2x.png */ = {isa = PBXFileReference; lastKnownFileType = image.png; path = "TfEL-Compass-graphic_Domain-4_small-yellow@2x.png"; sourceTree = "<group>"; };
		122727BF1B1568000050768B /* TfEL-Compass-graphic_Domain-4_small-yellow@3x.png */ = {isa = PBXFileReference; lastKnownFileType = image.png; path = "TfEL-Compass-graphic_Domain-4_small-yellow@3x.png"; sourceTree = "<group>"; };
		122727CA1B156EB80050768B /* domainsListTableViewController.h */ = {isa = PBXFileReference; fileEncoding = 4; lastKnownFileType = sourcecode.c.h; path = domainsListTableViewController.h; sourceTree = "<group>"; };
		122727CB1B156EB80050768B /* domainsListTableViewController.m */ = {isa = PBXFileReference; fileEncoding = 4; lastKnownFileType = sourcecode.c.objc; path = domainsListTableViewController.m; sourceTree = "<group>"; };
		122727CD1B1586EA0050768B /* show-lines.png */ = {isa = PBXFileReference; lastKnownFileType = image.png; path = "show-lines.png"; sourceTree = "<group>"; };
		122727CE1B1586EA0050768B /* show-lines@2x.png */ = {isa = PBXFileReference; lastKnownFileType = image.png; path = "show-lines@2x.png"; sourceTree = "<group>"; };
		1237598B1B5CB06A007F5F79 /* neals_gs@2x.jpg */ = {isa = PBXFileReference; lastKnownFileType = image.jpeg; path = "neals_gs@2x.jpg"; sourceTree = "<group>"; };
		124ABA4E1B29273100435632 /* TfEL Maths Pedagogy.entitlements */ = {isa = PBXFileReference; lastKnownFileType = text.xml; path = "TfEL Maths Pedagogy.entitlements"; sourceTree = "<group>"; };
		124ABA4F1B292C0200435632 /* CloudKit.framework */ = {isa = PBXFileReference; lastKnownFileType = wrapper.framework; name = CloudKit.framework; path = System/Library/Frameworks/CloudKit.framework; sourceTree = SDKROOT; };
		124ABA541B2935B100435632 /* backImage.png */ = {isa = PBXFileReference; lastKnownFileType = image.png; path = backImage.png; sourceTree = "<group>"; };
		124ABA551B2935B100435632 /* backImage@2x.png */ = {isa = PBXFileReference; lastKnownFileType = image.png; path = "backImage@2x.png"; sourceTree = "<group>"; };
		124ABA5A1B294E6200435632 /* myEntriesTableViewController.h */ = {isa = PBXFileReference; fileEncoding = 4; lastKnownFileType = sourcecode.c.h; path = myEntriesTableViewController.h; sourceTree = "<group>"; };
		124ABA5B1B294E6200435632 /* myEntriesTableViewController.m */ = {isa = PBXFileReference; fileEncoding = 4; lastKnownFileType = sourcecode.c.objc; path = myEntriesTableViewController.m; sourceTree = "<group>"; };
		124ABA5D1B2A56E600435632 /* DECS SATfEL FG_Cover_A4.png */ = {isa = PBXFileReference; lastKnownFileType = image.png; path = "DECS SATfEL FG_Cover_A4.png"; sourceTree = "<group>"; };
		124ABA5E1B2A56E600435632 /* DECS SATfEL FG_Cover_A4@2x.png */ = {isa = PBXFileReference; lastKnownFileType = image.png; path = "DECS SATfEL FG_Cover_A4@2x.png"; sourceTree = "<group>"; };
		124ABA5F1B2A56E600435632 /* DECS SATfEL FG_Cover_A4@3x.png */ = {isa = PBXFileReference; lastKnownFileType = image.png; path = "DECS SATfEL FG_Cover_A4@3x.png"; sourceTree = "<group>"; };
		124ABA641B2A5D4D00435632 /* blue-tt.png */ = {isa = PBXFileReference; lastKnownFileType = image.png; path = "blue-tt.png"; sourceTree = "<group>"; };
		124ABA651B2A5D4D00435632 /* blue-tt@2x.png */ = {isa = PBXFileReference; lastKnownFileType = image.png; path = "blue-tt@2x.png"; sourceTree = "<group>"; };
		124ABA661B2A5D4D00435632 /* green-tt.png */ = {isa = PBXFileReference; lastKnownFileType = image.png; path = "green-tt.png"; sourceTree = "<group>"; };
		124ABA671B2A5D4D00435632 /* green-tt@2x.png */ = {isa = PBXFileReference; lastKnownFileType = image.png; path = "green-tt@2x.png"; sourceTree = "<group>"; };
		124ABA681B2A5D4D00435632 /* red-tt.png */ = {isa = PBXFileReference; lastKnownFileType = image.png; path = "red-tt.png"; sourceTree = "<group>"; };
		124ABA691B2A5D4D00435632 /* red-tt@2x.png */ = {isa = PBXFileReference; lastKnownFileType = image.png; path = "red-tt@2x.png"; sourceTree = "<group>"; };
		124ABA6A1B2A5D4D00435632 /* yellow-tt.png */ = {isa = PBXFileReference; lastKnownFileType = image.png; path = "yellow-tt.png"; sourceTree = "<group>"; };
		124ABA6B1B2A5D4D00435632 /* yellow-tt@2x.png */ = {isa = PBXFileReference; lastKnownFileType = image.png; path = "yellow-tt@2x.png"; sourceTree = "<group>"; };
		124ABA751B2A630000435632 /* nextStepsTableViewController.h */ = {isa = PBXFileReference; fileEncoding = 4; lastKnownFileType = sourcecode.c.h; path = nextStepsTableViewController.h; sourceTree = "<group>"; };
		124ABA761B2A630000435632 /* nextStepsTableViewController.m */ = {isa = PBXFileReference; fileEncoding = 4; lastKnownFileType = sourcecode.c.objc; path = nextStepsTableViewController.m; sourceTree = "<group>"; };
		124ABA791B2A631D00435632 /* domainDetailTableViewController.h */ = {isa = PBXFileReference; fileEncoding = 4; lastKnownFileType = sourcecode.c.h; path = domainDetailTableViewController.h; sourceTree = "<group>"; };
		124ABA7A1B2A631D00435632 /* domainDetailTableViewController.m */ = {isa = PBXFileReference; fileEncoding = 4; lastKnownFileType = sourcecode.c.objc; path = domainDetailTableViewController.m; sourceTree = "<group>"; };
		124ABA7D1B2A67F700435632 /* abstractionLayer.h */ = {isa = PBXFileReference; fileEncoding = 4; lastKnownFileType = sourcecode.c.h; path = abstractionLayer.h; sourceTree = "<group>"; };
		124ABA7E1B2A67F700435632 /* abstractionLayer.m */ = {isa = PBXFileReference; fileEncoding = 4; lastKnownFileType = sourcecode.c.objc; path = abstractionLayer.m; sourceTree = "<group>"; };
		124ABA811B2A765800435632 /* getDataByCode.h */ = {isa = PBXFileReference; fileEncoding = 4; lastKnownFileType = sourcecode.c.h; path = getDataByCode.h; sourceTree = "<group>"; };
		124ABA821B2A765800435632 /* getDataByCode.m */ = {isa = PBXFileReference; fileEncoding = 4; lastKnownFileType = sourcecode.c.objc; path = getDataByCode.m; sourceTree = "<group>"; };
		124ABA841B2A81E200435632 /* viewDataMethodReference.m */ = {isa = PBXFileReference; lastKnownFileType = sourcecode.c.objc; path = viewDataMethodReference.m; sourceTree = "<group>"; };
		124ABA851B2A994400435632 /* dataCreatorViewController.h */ = {isa = PBXFileReference; fileEncoding = 4; lastKnownFileType = sourcecode.c.h; path = dataCreatorViewController.h; sourceTree = "<group>"; };
		124ABA861B2A994400435632 /* dataCreatorViewController.m */ = {isa = PBXFileReference; fileEncoding = 4; lastKnownFileType = sourcecode.c.objc; path = dataCreatorViewController.m; sourceTree = "<group>"; };
		124ABA881B2AA3E600435632 /* tfeluserdata.sqlite */ = {isa = PBXFileReference; lastKnownFileType = file; name = tfeluserdata.sqlite; path = "TfEL Maths Pedagogy/tfeluserdata.sqlite"; sourceTree = "<group>"; };
		128912291B44DF6D00765785 /* determineDomainUIImageForReturn.h */ = {isa = PBXFileReference; fileEncoding = 4; lastKnownFileType = sourcecode.c.h; path = determineDomainUIImageForReturn.h; sourceTree = "<group>"; };
		1289122A1B44DF6D00765785 /* determineDomainUIImageForReturn.m */ = {isa = PBXFileReference; fileEncoding = 4; lastKnownFileType = sourcecode.c.objc; path = determineDomainUIImageForReturn.m; sourceTree = "<group>"; };
		12929A9D1B1E793900E6E029 /* domainReflectionTableViewController.h */ = {isa = PBXFileReference; fileEncoding = 4; lastKnownFileType = sourcecode.c.h; path = domainReflectionTableViewController.h; sourceTree = "<group>"; };
		12929A9E1B1E793900E6E029 /* domainReflectionTableViewController.m */ = {isa = PBXFileReference; fileEncoding = 4; lastKnownFileType = sourcecode.c.objc; path = domainReflectionTableViewController.m; sourceTree = "<group>"; };
		12929AA61B1E832E00E6E029 /* SZTextView.h */ = {isa = PBXFileReference; fileEncoding = 4; lastKnownFileType = sourcecode.c.h; path = SZTextView.h; sourceTree = "<group>"; };
		12929AA71B1E832E00E6E029 /* SZTextView.m */ = {isa = PBXFileReference; fileEncoding = 4; lastKnownFileType = sourcecode.c.objc; path = SZTextView.m; sourceTree = "<group>"; };
		12929AA91B1E862F00E6E029 /* libsqlite3.dylib */ = {isa = PBXFileReference; lastKnownFileType = "compiled.mach-o.dylib"; name = libsqlite3.dylib; path = usr/lib/libsqlite3.dylib; sourceTree = SDKROOT; };
		12929ABF1B1E905900E6E029 /* FMDatabase.h */ = {isa = PBXFileReference; fileEncoding = 4; lastKnownFileType = sourcecode.c.h; path = FMDatabase.h; sourceTree = "<group>"; };
		12929AC01B1E905900E6E029 /* FMDatabase.m */ = {isa = PBXFileReference; fileEncoding = 4; lastKnownFileType = sourcecode.c.objc; path = FMDatabase.m; sourceTree = "<group>"; };
		12929AC11B1E905900E6E029 /* FMDatabaseAdditions.h */ = {isa = PBXFileReference; fileEncoding = 4; lastKnownFileType = sourcecode.c.h; path = FMDatabaseAdditions.h; sourceTree = "<group>"; };
		12929AC21B1E905900E6E029 /* FMDatabaseAdditions.m */ = {isa = PBXFileReference; fileEncoding = 4; lastKnownFileType = sourcecode.c.objc; path = FMDatabaseAdditions.m; sourceTree = "<group>"; };
		12929AC31B1E905900E6E029 /* FMDatabasePool.h */ = {isa = PBXFileReference; fileEncoding = 4; lastKnownFileType = sourcecode.c.h; path = FMDatabasePool.h; sourceTree = "<group>"; };
		12929AC41B1E905900E6E029 /* FMDatabasePool.m */ = {isa = PBXFileReference; fileEncoding = 4; lastKnownFileType = sourcecode.c.objc; path = FMDatabasePool.m; sourceTree = "<group>"; };
		12929AC51B1E905900E6E029 /* FMDatabaseQueue.h */ = {isa = PBXFileReference; fileEncoding = 4; lastKnownFileType = sourcecode.c.h; path = FMDatabaseQueue.h; sourceTree = "<group>"; };
		12929AC61B1E905900E6E029 /* FMDatabaseQueue.m */ = {isa = PBXFileReference; fileEncoding = 4; lastKnownFileType = sourcecode.c.objc; path = FMDatabaseQueue.m; sourceTree = "<group>"; };
		12929AC71B1E905900E6E029 /* FMDB.h */ = {isa = PBXFileReference; fileEncoding = 4; lastKnownFileType = sourcecode.c.h; path = FMDB.h; sourceTree = "<group>"; };
		12929AC81B1E905900E6E029 /* FMResultSet.h */ = {isa = PBXFileReference; fileEncoding = 4; lastKnownFileType = sourcecode.c.h; path = FMResultSet.h; sourceTree = "<group>"; };
		12929AC91B1E905900E6E029 /* FMResultSet.m */ = {isa = PBXFileReference; fileEncoding = 4; lastKnownFileType = sourcecode.c.objc; path = FMResultSet.m; sourceTree = "<group>"; };
		12929ACF1B1E90DA00E6E029 /* tfelmped.sqlite */ = {isa = PBXFileReference; lastKnownFileType = file; name = tfelmped.sqlite; path = "TfEL Maths Pedagogy/tfelmped.sqlite"; sourceTree = "<group>"; };
		12C30CC01B3A331A008A28A1 /* compass_bg.png */ = {isa = PBXFileReference; lastKnownFileType = image.png; path = compass_bg.png; sourceTree = "<group>"; };
		12C30CC11B3A331A008A28A1 /* compass_bg@2x.png */ = {isa = PBXFileReference; lastKnownFileType = image.png; path = "compass_bg@2x.png"; sourceTree = "<group>"; };
		12C30CCE1B3A4F64008A28A1 /* resourceViewController.h */ = {isa = PBXFileReference; fileEncoding = 4; lastKnownFileType = sourcecode.c.h; path = resourceViewController.h; sourceTree = "<group>"; };
		12C30CCF1B3A4F64008A28A1 /* resourceViewController.m */ = {isa = PBXFileReference; fileEncoding = 4; lastKnownFileType = sourcecode.c.objc; path = resourceViewController.m; sourceTree = "<group>"; };
		12C30CDA1B3B771E008A28A1 /* happy-face.png */ = {isa = PBXFileReference; lastKnownFileType = image.png; path = "happy-face.png"; sourceTree = "<group>"; };
		12C30CDB1B3B771E008A28A1 /* happy-face@2x.png */ = {isa = PBXFileReference; lastKnownFileType = image.png; path = "happy-face@2x.png"; sourceTree = "<group>"; };
		12C30CDC1B3B771E008A28A1 /* happy-face@3x.png */ = {isa = PBXFileReference; lastKnownFileType = image.png; path = "happy-face@3x.png"; sourceTree = "<group>"; };
		12C30CDD1B3B771E008A28A1 /* sad-face.png */ = {isa = PBXFileReference; lastKnownFileType = image.png; path = "sad-face.png"; sourceTree = "<group>"; };
		12C30CDE1B3B771E008A28A1 /* sad-face@2x.png */ = {isa = PBXFileReference; lastKnownFileType = image.png; path = "sad-face@2x.png"; sourceTree = "<group>"; };
		12C30CDF1B3B771E008A28A1 /* sad-face@3x.png */ = {isa = PBXFileReference; lastKnownFileType = image.png; path = "sad-face@3x.png"; sourceTree = "<group>"; };
		12C30CE81B3BA9BD008A28A1 /* 4.4.pdf */ = {isa = PBXFileReference; lastKnownFileType = image.pdf; path = 4.4.pdf; sourceTree = "<group>"; };
		12C30CE91B3BA9BD008A28A1 /* 4.3.pdf */ = {isa = PBXFileReference; lastKnownFileType = image.pdf; path = 4.3.pdf; sourceTree = "<group>"; };
		12C30CEA1B3BA9BD008A28A1 /* 4.2.pdf */ = {isa = PBXFileReference; lastKnownFileType = image.pdf; path = 4.2.pdf; sourceTree = "<group>"; };
		12C30CEB1B3BA9BD008A28A1 /* 4.1.pdf */ = {isa = PBXFileReference; lastKnownFileType = image.pdf; path = 4.1.pdf; sourceTree = "<group>"; };
		12C30CEC1B3BA9BD008A28A1 /* 3.4.pdf */ = {isa = PBXFileReference; lastKnownFileType = image.pdf; path = 3.4.pdf; sourceTree = "<group>"; };
		12C30CED1B3BA9BD008A28A1 /* 3.3.pdf */ = {isa = PBXFileReference; lastKnownFileType = image.pdf; path = 3.3.pdf; sourceTree = "<group>"; };
		12C30CEE1B3BA9BD008A28A1 /* 3.2.pdf */ = {isa = PBXFileReference; lastKnownFileType = image.pdf; path = 3.2.pdf; sourceTree = "<group>"; };
		12C30CEF1B3BA9BD008A28A1 /* 3.1.pdf */ = {isa = PBXFileReference; lastKnownFileType = image.pdf; path = 3.1.pdf; sourceTree = "<group>"; };
		12C30CF01B3BA9BD008A28A1 /* 2.4.pdf */ = {isa = PBXFileReference; lastKnownFileType = image.pdf; path = 2.4.pdf; sourceTree = "<group>"; };
		12C30CF11B3BA9BD008A28A1 /* 2.3.pdf */ = {isa = PBXFileReference; lastKnownFileType = image.pdf; path = 2.3.pdf; sourceTree = "<group>"; };
		12C30CF21B3BA9BD008A28A1 /* 2.2.pdf */ = {isa = PBXFileReference; lastKnownFileType = image.pdf; path = 2.2.pdf; sourceTree = "<group>"; };
		12C30CF31B3BA9BD008A28A1 /* 2.1.pdf */ = {isa = PBXFileReference; lastKnownFileType = image.pdf; path = 2.1.pdf; sourceTree = "<group>"; };
		12C30D011B3BC134008A28A1 /* dropMenuTableViewController.h */ = {isa = PBXFileReference; fileEncoding = 4; lastKnownFileType = sourcecode.c.h; path = dropMenuTableViewController.h; sourceTree = "<group>"; };
		12C30D021B3BC134008A28A1 /* dropMenuTableViewController.m */ = {isa = PBXFileReference; fileEncoding = 4; lastKnownFileType = sourcecode.c.objc; path = dropMenuTableViewController.m; sourceTree = "<group>"; };
		12C30D061B3BCE43008A28A1 /* 2.1_fg.pdf */ = {isa = PBXFileReference; lastKnownFileType = image.pdf; path = 2.1_fg.pdf; sourceTree = "<group>"; };
		12C30D071B3BCE43008A28A1 /* 2.2_fg.pdf */ = {isa = PBXFileReference; lastKnownFileType = image.pdf; path = 2.2_fg.pdf; sourceTree = "<group>"; };
		12C30D081B3BCE43008A28A1 /* 2.3_fg.pdf */ = {isa = PBXFileReference; lastKnownFileType = image.pdf; path = 2.3_fg.pdf; sourceTree = "<group>"; };
		12C30D091B3BCE43008A28A1 /* 2.4_fg.pdf */ = {isa = PBXFileReference; lastKnownFileType = image.pdf; path = 2.4_fg.pdf; sourceTree = "<group>"; };
		12C30D0A1B3BCE43008A28A1 /* 3.1_fg.pdf */ = {isa = PBXFileReference; lastKnownFileType = image.pdf; path = 3.1_fg.pdf; sourceTree = "<group>"; };
		12C30D0B1B3BCE43008A28A1 /* 3.2_fg.pdf */ = {isa = PBXFileReference; lastKnownFileType = image.pdf; path = 3.2_fg.pdf; sourceTree = "<group>"; };
		12C30D0C1B3BCE43008A28A1 /* 3.3_fg.pdf */ = {isa = PBXFileReference; lastKnownFileType = image.pdf; path = 3.3_fg.pdf; sourceTree = "<group>"; };
		12C30D0D1B3BCE43008A28A1 /* 3.4_fg.pdf */ = {isa = PBXFileReference; lastKnownFileType = image.pdf; path = 3.4_fg.pdf; sourceTree = "<group>"; };
		12C30D0E1B3BCE43008A28A1 /* 4.1_fg.pdf */ = {isa = PBXFileReference; lastKnownFileType = image.pdf; path = 4.1_fg.pdf; sourceTree = "<group>"; };
		12C30D0F1B3BCE43008A28A1 /* 4.2_fg.pdf */ = {isa = PBXFileReference; lastKnownFileType = image.pdf; path = 4.2_fg.pdf; sourceTree = "<group>"; };
		12C30D101B3BCE43008A28A1 /* 4.3_fg.pdf */ = {isa = PBXFileReference; lastKnownFileType = image.pdf; path = 4.3_fg.pdf; sourceTree = "<group>"; };
		12C30D111B3BCE43008A28A1 /* 4.4_fg.pdf */ = {isa = PBXFileReference; lastKnownFileType = image.pdf; path = 4.4_fg.pdf; sourceTree = "<group>"; };
		12C46D7B1B620496000C8BC4 /* thumbside.png */ = {isa = PBXFileReference; lastKnownFileType = image.png; path = thumbside.png; sourceTree = "<group>"; };
		12C46D7C1B620496000C8BC4 /* thumbside@2x.png */ = {isa = PBXFileReference; lastKnownFileType = image.png; path = "thumbside@2x.png"; sourceTree = "<group>"; };
		12C46D7D1B620496000C8BC4 /* thumbside@3x.png */ = {isa = PBXFileReference; lastKnownFileType = image.png; path = "thumbside@3x.png"; sourceTree = "<group>"; };
		12C46D7E1B620496000C8BC4 /* thumbup.png */ = {isa = PBXFileReference; lastKnownFileType = image.png; path = thumbup.png; sourceTree = "<group>"; };
		12C46D7F1B620496000C8BC4 /* thumbup@2x.png */ = {isa = PBXFileReference; lastKnownFileType = image.png; path = "thumbup@2x.png"; sourceTree = "<group>"; };
		12C46D801B620496000C8BC4 /* thumbup@3x.png */ = {isa = PBXFileReference; lastKnownFileType = image.png; path = "thumbup@3x.png"; sourceTree = "<group>"; };
		12C46D871B6209CB000C8BC4 /* ok.png */ = {isa = PBXFileReference; lastKnownFileType = image.png; path = ok.png; sourceTree = "<group>"; };
		12C46D881B6209CB000C8BC4 /* ok@2x.png */ = {isa = PBXFileReference; lastKnownFileType = image.png; path = "ok@2x.png"; sourceTree = "<group>"; };
		12C46D891B6209CB000C8BC4 /* ok@3x.png */ = {isa = PBXFileReference; lastKnownFileType = image.png; path = "ok@3x.png"; sourceTree = "<group>"; };
		12F711D21B0EF4030059C263 /* TfEL Maths Pedagogy.app */ = {isa = PBXFileReference; explicitFileType = wrapper.application; includeInIndex = 0; path = "TfEL Maths Pedagogy.app"; sourceTree = BUILT_PRODUCTS_DIR; };
		12F711D61B0EF4030059C263 /* Info.plist */ = {isa = PBXFileReference; lastKnownFileType = text.plist.xml; path = Info.plist; sourceTree = "<group>"; };
		12F711D71B0EF4030059C263 /* main.m */ = {isa = PBXFileReference; lastKnownFileType = sourcecode.c.objc; path = main.m; sourceTree = "<group>"; };
		12F711D91B0EF4030059C263 /* AppDelegate.h */ = {isa = PBXFileReference; lastKnownFileType = sourcecode.c.h; path = AppDelegate.h; sourceTree = "<group>"; };
		12F711DA1B0EF4030059C263 /* AppDelegate.m */ = {isa = PBXFileReference; lastKnownFileType = sourcecode.c.objc; path = AppDelegate.m; sourceTree = "<group>"; };
		12F711E01B0EF4040059C263 /* Base */ = {isa = PBXFileReference; lastKnownFileType = file.storyboard; name = Base; path = Base.lproj/Main.storyboard; sourceTree = "<group>"; };
		12F711E21B0EF4040059C263 /* Images.xcassets */ = {isa = PBXFileReference; lastKnownFileType = folder.assetcatalog; path = Images.xcassets; sourceTree = "<group>"; };
		12F711E51B0EF4040059C263 /* Base */ = {isa = PBXFileReference; lastKnownFileType = file.xib; name = Base; path = Base.lproj/LaunchScreen.xib; sourceTree = "<group>"; };
		12F711EB1B0EF4040059C263 /* TfEL Maths PedagogyTests.xctest */ = {isa = PBXFileReference; explicitFileType = wrapper.cfbundle; includeInIndex = 0; path = "TfEL Maths PedagogyTests.xctest"; sourceTree = BUILT_PRODUCTS_DIR; };
		12F711F01B0EF4040059C263 /* Info.plist */ = {isa = PBXFileReference; lastKnownFileType = text.plist.xml; path = Info.plist; sourceTree = "<group>"; };
		12F711F11B0EF4040059C263 /* TfEL_Maths_PedagogyTests.m */ = {isa = PBXFileReference; lastKnownFileType = sourcecode.c.objc; path = TfEL_Maths_PedagogyTests.m; sourceTree = "<group>"; };
		12F712051B0EFCB80059C263 /* navigationViewController.h */ = {isa = PBXFileReference; fileEncoding = 4; lastKnownFileType = sourcecode.c.h; path = navigationViewController.h; sourceTree = "<group>"; };
		12F712061B0EFCB80059C263 /* navigationViewController.m */ = {isa = PBXFileReference; fileEncoding = 4; lastKnownFileType = sourcecode.c.objc; path = navigationViewController.m; sourceTree = "<group>"; };
		12F7120D1B0F01CF0059C263 /* OE_Header.png */ = {isa = PBXFileReference; lastKnownFileType = image.png; path = OE_Header.png; sourceTree = "<group>"; };
		12F7120E1B0F01CF0059C263 /* OE_Header@2x.png */ = {isa = PBXFileReference; lastKnownFileType = image.png; path = "OE_Header@2x.png"; sourceTree = "<group>"; };
		12F712111B0F08D00059C263 /* getStartedViewController.h */ = {isa = PBXFileReference; fileEncoding = 4; lastKnownFileType = sourcecode.c.h; path = getStartedViewController.h; sourceTree = "<group>"; };
		12F712121B0F08D00059C263 /* getStartedViewController.m */ = {isa = PBXFileReference; fileEncoding = 4; lastKnownFileType = sourcecode.c.objc; path = getStartedViewController.m; sourceTree = "<group>"; };
		12F712141B0F0A0F0059C263 /* 72.png */ = {isa = PBXFileReference; lastKnownFileType = image.png; path = 72.png; sourceTree = "<group>"; };
		12F712151B0F0A0F0059C263 /* 72@2x-152.png */ = {isa = PBXFileReference; lastKnownFileType = image.png; path = "72@2x-152.png"; sourceTree = "<group>"; };
		12F719141B1EC4BF00B9F7FB /* databaseDumperTest.m */ = {isa = PBXFileReference; fileEncoding = 4; lastKnownFileType = sourcecode.c.objc; path = databaseDumperTest.m; sourceTree = "<group>"; };
		12F719161B1EC5C000B9F7FB /* fileManager.m */ = {isa = PBXFileReference; fileEncoding = 4; lastKnownFileType = sourcecode.c.objc; path = fileManager.m; sourceTree = "<group>"; };
		4F016A6515AF8A016228C236 /* Pods-TfEL Maths Pedagogy.release.xcconfig */ = {isa = PBXFileReference; includeInIndex = 1; lastKnownFileType = text.xcconfig; name = "Pods-TfEL Maths Pedagogy.release.xcconfig"; path = "Pods/Target Support Files/Pods-TfEL Maths Pedagogy/Pods-TfEL Maths Pedagogy.release.xcconfig"; sourceTree = "<group>"; };
		5541FA69178DE0BABC6BB760 /* Pods-TfEL Maths Pedagogy.debug.xcconfig */ = {isa = PBXFileReference; includeInIndex = 1; lastKnownFileType = text.xcconfig; name = "Pods-TfEL Maths Pedagogy.debug.xcconfig"; path = "Pods/Target Support Files/Pods-TfEL Maths Pedagogy/Pods-TfEL Maths Pedagogy.debug.xcconfig"; sourceTree = "<group>"; };
		DFC6BA4C597E582E0439E0A6 /* libPods-TfEL Maths Pedagogy.a */ = {isa = PBXFileReference; explicitFileType = archive.ar; includeInIndex = 0; path = "libPods-TfEL Maths Pedagogy.a"; sourceTree = BUILT_PRODUCTS_DIR; };
/* End PBXFileReference section */

/* Begin PBXFrameworksBuildPhase section */
		12F711CF1B0EF4030059C263 /* Frameworks */ = {
			isa = PBXFrameworksBuildPhase;
			buildActionMask = 2147483647;
			files = (
				12929AAA1B1E862F00E6E029 /* libsqlite3.dylib in Frameworks */,
				124ABA501B292C0200435632 /* CloudKit.framework in Frameworks */,
				AB590F8A097F1BEB0B6D88B2 /* libPods-TfEL Maths Pedagogy.a in Frameworks */,
			);
			runOnlyForDeploymentPostprocessing = 0;
		};
		12F711E81B0EF4040059C263 /* Frameworks */ = {
			isa = PBXFrameworksBuildPhase;
			buildActionMask = 2147483647;
			files = (
			);
			runOnlyForDeploymentPostprocessing = 0;
		};
/* End PBXFrameworksBuildPhase section */

/* Begin PBXGroup section */
		1219C77D1B4F511E0017EC52 /* 06. Determine detail for code */ = {
			isa = PBXGroup;
			children = (
				1219C77F1B4F51460017EC52 /* determineDetailForCode.h */,
				1219C7801B4F51460017EC52 /* determineDetailForCode.m */,
			);
			name = "06. Determine detail for code";
			sourceTree = "<group>";
		};
		122727AF1B155FD90050768B /* 03. TfEL Compass Logo */ = {
			isa = PBXGroup;
			children = (
				122727B01B1560750050768B /* tfel_compass_lg.png */,
				122727B11B1560750050768B /* tfel_compass_lg@2x.png */,
				122727B21B1560750050768B /* tfel_compass_lg@3x.png */,
			);
			name = "03. TfEL Compass Logo";
			sourceTree = "<group>";
		};
		122727B61B1567F40050768B /* 04. TfEL Compass Exploded */ = {
			isa = PBXGroup;
			children = (
				12C30CC01B3A331A008A28A1 /* compass_bg.png */,
				12C30CC11B3A331A008A28A1 /* compass_bg@2x.png */,
				122727B71B1568000050768B /* TfEL-Compass-graphic_Domain-2_small-yellow.png */,
				122727B81B1568000050768B /* TfEL-Compass-graphic_Domain-2_small-yellow@2x.png */,
				122727B91B1568000050768B /* TfEL-Compass-graphic_Domain-2_small-yellow@3x.png */,
				122727BA1B1568000050768B /* TfEL-Compass-graphic_Domain-3_small-yellow.png */,
				122727BB1B1568000050768B /* TfEL-Compass-graphic_Domain-3_small-yellow@2x.png */,
				122727BC1B1568000050768B /* TfEL-Compass-graphic_Domain-3_small-yellow@3x.png */,
				122727BD1B1568000050768B /* TfEL-Compass-graphic_Domain-4_small-yellow.png */,
				122727BE1B1568000050768B /* TfEL-Compass-graphic_Domain-4_small-yellow@2x.png */,
				122727BF1B1568000050768B /* TfEL-Compass-graphic_Domain-4_small-yellow@3x.png */,
			);
			name = "04. TfEL Compass Exploded";
			sourceTree = "<group>";
		};
		122727C91B156E920050768B /* 03. Domains Screen */ = {
			isa = PBXGroup;
			children = (
				122727CA1B156EB80050768B /* domainsListTableViewController.h */,
				122727CB1B156EB80050768B /* domainsListTableViewController.m */,
			);
			name = "03. Domains Screen";
			sourceTree = "<group>";
		};
		124ABA581B29453100435632 /* 05. Navigation Assets */ = {
			isa = PBXGroup;
			children = (
				124ABA541B2935B100435632 /* backImage.png */,
				124ABA551B2935B100435632 /* backImage@2x.png */,
			);
			name = "05. Navigation Assets";
			sourceTree = "<group>";
		};
		124ABA591B294E3D00435632 /* 05. My Entries */ = {
			isa = PBXGroup;
			children = (
				124ABA5A1B294E6200435632 /* myEntriesTableViewController.h */,
				124ABA5B1B294E6200435632 /* myEntriesTableViewController.m */,
			);
			name = "05. My Entries";
			sourceTree = "<group>";
		};
		124ABA631B2A5D1F00435632 /* 06. Transforming Tasks Logos */ = {
			isa = PBXGroup;
			children = (
				124ABA641B2A5D4D00435632 /* blue-tt.png */,
				124ABA651B2A5D4D00435632 /* blue-tt@2x.png */,
				124ABA661B2A5D4D00435632 /* green-tt.png */,
				124ABA671B2A5D4D00435632 /* green-tt@2x.png */,
				124ABA681B2A5D4D00435632 /* red-tt.png */,
				124ABA691B2A5D4D00435632 /* red-tt@2x.png */,
				124ABA6A1B2A5D4D00435632 /* yellow-tt.png */,
				124ABA6B1B2A5D4D00435632 /* yellow-tt@2x.png */,
			);
			name = "06. Transforming Tasks Logos";
			sourceTree = "<group>";
		};
		124ABA741B2A62CE00435632 /* 06. Next Steps */ = {
			isa = PBXGroup;
			children = (
				124ABA751B2A630000435632 /* nextStepsTableViewController.h */,
				124ABA761B2A630000435632 /* nextStepsTableViewController.m */,
			);
			name = "06. Next Steps";
			sourceTree = "<group>";
		};
		124ABA781B2A630600435632 /* 07. Detail Expanded */ = {
			isa = PBXGroup;
			children = (
				124ABA791B2A631D00435632 /* domainDetailTableViewController.h */,
				124ABA7A1B2A631D00435632 /* domainDetailTableViewController.m */,
			);
			name = "07. Detail Expanded";
			sourceTree = "<group>";
		};
		124ABA7C1B2A67D700435632 /* 03. Database Abstraction */ = {
			isa = PBXGroup;
			children = (
				124ABA7D1B2A67F700435632 /* abstractionLayer.h */,
				124ABA7E1B2A67F700435632 /* abstractionLayer.m */,
			);
			name = "03. Database Abstraction";
			sourceTree = "<group>";
		};
		124ABA801B2A762900435632 /* 04. Get View By Code */ = {
			isa = PBXGroup;
			children = (
				124ABA841B2A81E200435632 /* viewDataMethodReference.m */,
				124ABA811B2A765800435632 /* getDataByCode.h */,
				124ABA821B2A765800435632 /* getDataByCode.m */,
			);
			name = "04. Get View By Code";
			sourceTree = "<group>";
		};
		128912281B44DEFC00765785 /* 05. Image Return */ = {
			isa = PBXGroup;
			children = (
				128912291B44DF6D00765785 /* determineDomainUIImageForReturn.h */,
				1289122A1B44DF6D00765785 /* determineDomainUIImageForReturn.m */,
			);
			name = "05. Image Return";
			sourceTree = "<group>";
		};
		12929A9B1B1E791C00E6E029 /* 04. Domain Reflection */ = {
			isa = PBXGroup;
			children = (
				12929A9D1B1E793900E6E029 /* domainReflectionTableViewController.h */,
				12929A9E1B1E793900E6E029 /* domainReflectionTableViewController.m */,
			);
			name = "04. Domain Reflection";
			sourceTree = "<group>";
		};
		12929AA11B1E7D1500E6E029 /* Custom Classes */ = {
			isa = PBXGroup;
			children = (
				12929AA21B1E7D1C00E6E029 /* 01. Custom UITextView */,
				12929ABE1B1E905200E6E029 /* 02. FMDB */,
				124ABA7C1B2A67D700435632 /* 03. Database Abstraction */,
				124ABA801B2A762900435632 /* 04. Get View By Code */,
				128912281B44DEFC00765785 /* 05. Image Return */,
				1219C77D1B4F511E0017EC52 /* 06. Determine detail for code */,
			);
			name = "Custom Classes";
			sourceTree = "<group>";
		};
		12929AA21B1E7D1C00E6E029 /* 01. Custom UITextView */ = {
			isa = PBXGroup;
			children = (
				12929AA61B1E832E00E6E029 /* SZTextView.h */,
				12929AA71B1E832E00E6E029 /* SZTextView.m */,
			);
			name = "01. Custom UITextView";
			sourceTree = "<group>";
		};
		12929ABE1B1E905200E6E029 /* 02. FMDB */ = {
			isa = PBXGroup;
			children = (
				12929ABF1B1E905900E6E029 /* FMDatabase.h */,
				12929AC01B1E905900E6E029 /* FMDatabase.m */,
				12929AC11B1E905900E6E029 /* FMDatabaseAdditions.h */,
				12929AC21B1E905900E6E029 /* FMDatabaseAdditions.m */,
				12929AC31B1E905900E6E029 /* FMDatabasePool.h */,
				12929AC41B1E905900E6E029 /* FMDatabasePool.m */,
				12929AC51B1E905900E6E029 /* FMDatabaseQueue.h */,
				12929AC61B1E905900E6E029 /* FMDatabaseQueue.m */,
				12929AC71B1E905900E6E029 /* FMDB.h */,
				12929AC81B1E905900E6E029 /* FMResultSet.h */,
				12929AC91B1E905900E6E029 /* FMResultSet.m */,
			);
			name = "02. FMDB";
			sourceTree = "<group>";
		};
		12C30CC41B3A4E89008A28A1 /* 07. PDF Assets */ = {
			isa = PBXGroup;
			children = (
				12C30D051B3BCD3D008A28A1 /* 02. Framework Guide */,
				12C30D041B3BCD32008A28A1 /* 01. Transforming Tasks */,
			);
			name = "07. PDF Assets";
			sourceTree = "<group>";
		};
		12C30CCD1B3A4F46008A28A1 /* 08. Resource View */ = {
			isa = PBXGroup;
			children = (
				12C30CCE1B3A4F64008A28A1 /* resourceViewController.h */,
				12C30CCF1B3A4F64008A28A1 /* resourceViewController.m */,
			);
			name = "08. Resource View";
			sourceTree = "<group>";
		};
		12C30CD91B3B7709008A28A1 /* 08. Emotions */ = {
			isa = PBXGroup;
			children = (
				12C46D871B6209CB000C8BC4 /* ok.png */,
				12C46D881B6209CB000C8BC4 /* ok@2x.png */,
				12C46D891B6209CB000C8BC4 /* ok@3x.png */,
				12C46D7B1B620496000C8BC4 /* thumbside.png */,
				12C46D7C1B620496000C8BC4 /* thumbside@2x.png */,
				12C46D7D1B620496000C8BC4 /* thumbside@3x.png */,
				12C46D7E1B620496000C8BC4 /* thumbup.png */,
				12C46D7F1B620496000C8BC4 /* thumbup@2x.png */,
				12C46D801B620496000C8BC4 /* thumbup@3x.png */,
				12C30CDA1B3B771E008A28A1 /* happy-face.png */,
				12C30CDB1B3B771E008A28A1 /* happy-face@2x.png */,
				12C30CDC1B3B771E008A28A1 /* happy-face@3x.png */,
				12C30CDD1B3B771E008A28A1 /* sad-face.png */,
				12C30CDE1B3B771E008A28A1 /* sad-face@2x.png */,
				12C30CDF1B3B771E008A28A1 /* sad-face@3x.png */,
			);
			name = "08. Emotions";
			sourceTree = "<group>";
		};
		12C30CE61B3B95B3008A28A1 /* Frameworks */ = {
			isa = PBXGroup;
			children = (
				124ABA4F1B292C0200435632 /* CloudKit.framework */,
				12929AA91B1E862F00E6E029 /* libsqlite3.dylib */,
				DFC6BA4C597E582E0439E0A6 /* libPods-TfEL Maths Pedagogy.a */,
			);
			name = Frameworks;
			sourceTree = "<group>";
		};
		12C30CE71B3B95C1008A28A1 /* Data Sets */ = {
			isa = PBXGroup;
			children = (
				124ABA881B2AA3E600435632 /* tfeluserdata.sqlite */,
				12929ACF1B1E90DA00E6E029 /* tfelmped.sqlite */,
			);
			name = "Data Sets";
			sourceTree = "<group>";
		};
		12C30D001B3BC11A008A28A1 /* 09. Menu Controller */ = {
			isa = PBXGroup;
			children = (
				12C30D011B3BC134008A28A1 /* dropMenuTableViewController.h */,
				12C30D021B3BC134008A28A1 /* dropMenuTableViewController.m */,
			);
			name = "09. Menu Controller";
			sourceTree = "<group>";
		};
		12C30D041B3BCD32008A28A1 /* 01. Transforming Tasks */ = {
			isa = PBXGroup;
			children = (
				12C30CE81B3BA9BD008A28A1 /* 4.4.pdf */,
				12C30CE91B3BA9BD008A28A1 /* 4.3.pdf */,
				12C30CEA1B3BA9BD008A28A1 /* 4.2.pdf */,
				12C30CEB1B3BA9BD008A28A1 /* 4.1.pdf */,
				12C30CEC1B3BA9BD008A28A1 /* 3.4.pdf */,
				12C30CED1B3BA9BD008A28A1 /* 3.3.pdf */,
				12C30CEE1B3BA9BD008A28A1 /* 3.2.pdf */,
				12C30CEF1B3BA9BD008A28A1 /* 3.1.pdf */,
				12C30CF01B3BA9BD008A28A1 /* 2.4.pdf */,
				12C30CF11B3BA9BD008A28A1 /* 2.3.pdf */,
				12C30CF21B3BA9BD008A28A1 /* 2.2.pdf */,
				12C30CF31B3BA9BD008A28A1 /* 2.1.pdf */,
			);
			name = "01. Transforming Tasks";
			sourceTree = "<group>";
		};
		12C30D051B3BCD3D008A28A1 /* 02. Framework Guide */ = {
			isa = PBXGroup;
			children = (
				12C30D061B3BCE43008A28A1 /* 2.1_fg.pdf */,
				12C30D071B3BCE43008A28A1 /* 2.2_fg.pdf */,
				12C30D081B3BCE43008A28A1 /* 2.3_fg.pdf */,
				12C30D091B3BCE43008A28A1 /* 2.4_fg.pdf */,
				12C30D0A1B3BCE43008A28A1 /* 3.1_fg.pdf */,
				12C30D0B1B3BCE43008A28A1 /* 3.2_fg.pdf */,
				12C30D0C1B3BCE43008A28A1 /* 3.3_fg.pdf */,
				12C30D0D1B3BCE43008A28A1 /* 3.4_fg.pdf */,
				12C30D0E1B3BCE43008A28A1 /* 4.1_fg.pdf */,
				12C30D0F1B3BCE43008A28A1 /* 4.2_fg.pdf */,
				12C30D101B3BCE43008A28A1 /* 4.3_fg.pdf */,
				12C30D111B3BCE43008A28A1 /* 4.4_fg.pdf */,
			);
			name = "02. Framework Guide";
			sourceTree = "<group>";
		};
		12F711C91B0EF4030059C263 = {
			isa = PBXGroup;
			children = (
				12C30CE61B3B95B3008A28A1 /* Frameworks */,
				12C30CE71B3B95C1008A28A1 /* Data Sets */,
				12F711D41B0EF4030059C263 /* TfEL Maths Pedagogy */,
				12F711EE1B0EF4040059C263 /* TfEL Maths PedagogyTests */,
				12F711D31B0EF4030059C263 /* Products */,
				343D551DAA215516AD5057D9 /* Pods */,
			);
			sourceTree = "<group>";
		};
		12F711D31B0EF4030059C263 /* Products */ = {
			isa = PBXGroup;
			children = (
				12F711D21B0EF4030059C263 /* TfEL Maths Pedagogy.app */,
				12F711EB1B0EF4040059C263 /* TfEL Maths PedagogyTests.xctest */,
			);
			name = Products;
			sourceTree = "<group>";
		};
		12F711D41B0EF4030059C263 /* TfEL Maths Pedagogy */ = {
			isa = PBXGroup;
			children = (
				124ABA4E1B29273100435632 /* TfEL Maths Pedagogy.entitlements */,
				12929AA11B1E7D1500E6E029 /* Custom Classes */,
				12F712021B0EF5740059C263 /* Storyboards */,
				12F712001B0EF5560059C263 /* Assets */,
				12F711FC1B0EF4E80059C263 /* View Controllers */,
				12F711FB1B0EF4E10059C263 /* Application Controllers */,
				12F711D51B0EF4030059C263 /* Supporting Files */,
			);
			path = "TfEL Maths Pedagogy";
			sourceTree = "<group>";
		};
		12F711D51B0EF4030059C263 /* Supporting Files */ = {
			isa = PBXGroup;
			children = (
				12F711D61B0EF4030059C263 /* Info.plist */,
				12F711D71B0EF4030059C263 /* main.m */,
			);
			name = "Supporting Files";
			sourceTree = "<group>";
		};
		12F711EE1B0EF4040059C263 /* TfEL Maths PedagogyTests */ = {
			isa = PBXGroup;
			children = (
				12F711F11B0EF4040059C263 /* TfEL_Maths_PedagogyTests.m */,
				12F711EF1B0EF4040059C263 /* Supporting Files */,
				12F719141B1EC4BF00B9F7FB /* databaseDumperTest.m */,
				12F719161B1EC5C000B9F7FB /* fileManager.m */,
			);
			path = "TfEL Maths PedagogyTests";
			sourceTree = "<group>";
		};
		12F711EF1B0EF4040059C263 /* Supporting Files */ = {
			isa = PBXGroup;
			children = (
				12F711F01B0EF4040059C263 /* Info.plist */,
			);
			name = "Supporting Files";
			sourceTree = "<group>";
		};
		12F711FB1B0EF4E10059C263 /* Application Controllers */ = {
			isa = PBXGroup;
			children = (
				12F711FF1B0EF5390059C263 /* 01. Application Delegate */,
			);
			name = "Application Controllers";
			sourceTree = "<group>";
		};
		12F711FC1B0EF4E80059C263 /* View Controllers */ = {
			isa = PBXGroup;
			children = (
				12F711FD1B0EF4EF0059C263 /* 01. Master View Controller */,
				12F711FE1B0EF5130059C263 /* 02. Home Screen */,
				122727C91B156E920050768B /* 03. Domains Screen */,
				12929A9B1B1E791C00E6E029 /* 04. Domain Reflection */,
				124ABA591B294E3D00435632 /* 05. My Entries */,
				124ABA741B2A62CE00435632 /* 06. Next Steps */,
				124ABA781B2A630600435632 /* 07. Detail Expanded */,
				12C30CCD1B3A4F46008A28A1 /* 08. Resource View */,
				12C30D001B3BC11A008A28A1 /* 09. Menu Controller */,
			);
			name = "View Controllers";
			sourceTree = "<group>";
		};
		12F711FD1B0EF4EF0059C263 /* 01. Master View Controller */ = {
			isa = PBXGroup;
			children = (
				12F712051B0EFCB80059C263 /* navigationViewController.h */,
				12F712061B0EFCB80059C263 /* navigationViewController.m */,
			);
			name = "01. Master View Controller";
			sourceTree = "<group>";
		};
		12F711FE1B0EF5130059C263 /* 02. Home Screen */ = {
			isa = PBXGroup;
			children = (
				12F712111B0F08D00059C263 /* getStartedViewController.h */,
				12F712121B0F08D00059C263 /* getStartedViewController.m */,
				124ABA851B2A994400435632 /* dataCreatorViewController.h */,
				124ABA861B2A994400435632 /* dataCreatorViewController.m */,
			);
			name = "02. Home Screen";
			sourceTree = "<group>";
		};
		12F711FF1B0EF5390059C263 /* 01. Application Delegate */ = {
			isa = PBXGroup;
			children = (
				12F711D91B0EF4030059C263 /* AppDelegate.h */,
				12F711DA1B0EF4030059C263 /* AppDelegate.m */,
			);
			name = "01. Application Delegate";
			sourceTree = "<group>";
		};
		12F712001B0EF5560059C263 /* Assets */ = {
			isa = PBXGroup;
			children = (
				12F712011B0EF55D0059C263 /* 01. XCode Asset Files */,
				12F712081B0EFF820059C263 /* 02. Styling */,
				122727AF1B155FD90050768B /* 03. TfEL Compass Logo */,
				122727B61B1567F40050768B /* 04. TfEL Compass Exploded */,
				124ABA581B29453100435632 /* 05. Navigation Assets */,
				124ABA631B2A5D1F00435632 /* 06. Transforming Tasks Logos */,
				12C30CC41B3A4E89008A28A1 /* 07. PDF Assets */,
				12C30CD91B3B7709008A28A1 /* 08. Emotions */,
			);
			name = Assets;
			sourceTree = "<group>";
		};
		12F712011B0EF55D0059C263 /* 01. XCode Asset Files */ = {
			isa = PBXGroup;
			children = (
				12F711E21B0EF4040059C263 /* Images.xcassets */,
			);
			name = "01. XCode Asset Files";
			sourceTree = "<group>";
		};
		12F712021B0EF5740059C263 /* Storyboards */ = {
			isa = PBXGroup;
			children = (
				12F712041B0EF5830059C263 /* 01. iPad Launch */,
				12F712031B0EF57B0059C263 /* 02. iPad */,
			);
			name = Storyboards;
			sourceTree = "<group>";
		};
		12F712031B0EF57B0059C263 /* 02. iPad */ = {
			isa = PBXGroup;
			children = (
				12F711DF1B0EF4040059C263 /* Main.storyboard */,
			);
			name = "02. iPad";
			sourceTree = "<group>";
		};
		12F712041B0EF5830059C263 /* 01. iPad Launch */ = {
			isa = PBXGroup;
			children = (
				12F711E41B0EF4040059C263 /* LaunchScreen.xib */,
			);
			name = "01. iPad Launch";
			sourceTree = "<group>";
		};
		12F712081B0EFF820059C263 /* 02. Styling */ = {
			isa = PBXGroup;
			children = (
				1237598B1B5CB06A007F5F79 /* neals_gs@2x.jpg */,
				124ABA5D1B2A56E600435632 /* DECS SATfEL FG_Cover_A4.png */,
				124ABA5E1B2A56E600435632 /* DECS SATfEL FG_Cover_A4@2x.png */,
				124ABA5F1B2A56E600435632 /* DECS SATfEL FG_Cover_A4@3x.png */,
				122727CD1B1586EA0050768B /* show-lines.png */,
				122727CE1B1586EA0050768B /* show-lines@2x.png */,
				12F712141B0F0A0F0059C263 /* 72.png */,
				12F712151B0F0A0F0059C263 /* 72@2x-152.png */,
				12F7120D1B0F01CF0059C263 /* OE_Header.png */,
				12F7120E1B0F01CF0059C263 /* OE_Header@2x.png */,
			);
			name = "02. Styling";
			sourceTree = "<group>";
		};
		343D551DAA215516AD5057D9 /* Pods */ = {
			isa = PBXGroup;
			children = (
				5541FA69178DE0BABC6BB760 /* Pods-TfEL Maths Pedagogy.debug.xcconfig */,
				4F016A6515AF8A016228C236 /* Pods-TfEL Maths Pedagogy.release.xcconfig */,
			);
			name = Pods;
			sourceTree = "<group>";
		};
/* End PBXGroup section */

/* Begin PBXNativeTarget section */
		12F711D11B0EF4030059C263 /* TfEL Maths Pedagogy */ = {
			isa = PBXNativeTarget;
			buildConfigurationList = 12F711F51B0EF4040059C263 /* Build configuration list for PBXNativeTarget "TfEL Maths Pedagogy" */;
			buildPhases = (
				36C7A908F2090611A7CA7B40 /* Check Pods Manifest.lock */,
				12F711CE1B0EF4030059C263 /* Sources */,
				12F711CF1B0EF4030059C263 /* Frameworks */,
				12F711D01B0EF4030059C263 /* Resources */,
				0011B5491E68B992DA179F90 /* Copy Pods Resources */,
			);
			buildRules = (
			);
			dependencies = (
			);
			name = "TfEL Maths Pedagogy";
			productName = "TfEL Maths Pedagogy";
			productReference = 12F711D21B0EF4030059C263 /* TfEL Maths Pedagogy.app */;
			productType = "com.apple.product-type.application";
		};
		12F711EA1B0EF4040059C263 /* TfEL Maths PedagogyTests */ = {
			isa = PBXNativeTarget;
			buildConfigurationList = 12F711F81B0EF4040059C263 /* Build configuration list for PBXNativeTarget "TfEL Maths PedagogyTests" */;
			buildPhases = (
				12F711E71B0EF4040059C263 /* Sources */,
				12F711E81B0EF4040059C263 /* Frameworks */,
				12F711E91B0EF4040059C263 /* Resources */,
			);
			buildRules = (
			);
			dependencies = (
				12F711ED1B0EF4040059C263 /* PBXTargetDependency */,
			);
			name = "TfEL Maths PedagogyTests";
			productName = "TfEL Maths PedagogyTests";
			productReference = 12F711EB1B0EF4040059C263 /* TfEL Maths PedagogyTests.xctest */;
			productType = "com.apple.product-type.bundle.unit-test";
		};
/* End PBXNativeTarget section */

/* Begin PBXProject section */
		12F711CA1B0EF4030059C263 /* Project object */ = {
			isa = PBXProject;
			attributes = {
				LastUpgradeCheck = 0630;
				ORGANIZATIONNAME = "Department for Education and Child Development";
				TargetAttributes = {
					12F711D11B0EF4030059C263 = {
						CreatedOnToolsVersion = 6.3.2;
						DevelopmentTeam = CW4CCV9S93;
						SystemCapabilities = {
							com.apple.iCloud = {
								enabled = 1;
							};
						};
					};
					12F711EA1B0EF4040059C263 = {
						CreatedOnToolsVersion = 6.3.2;
						TestTargetID = 12F711D11B0EF4030059C263;
					};
				};
			};
			buildConfigurationList = 12F711CD1B0EF4030059C263 /* Build configuration list for PBXProject "TfEL Maths Pedagogy" */;
			compatibilityVersion = "Xcode 3.2";
			developmentRegion = English;
			hasScannedForEncodings = 0;
			knownRegions = (
				en,
				Base,
			);
			mainGroup = 12F711C91B0EF4030059C263;
			productRefGroup = 12F711D31B0EF4030059C263 /* Products */;
			projectDirPath = "";
			projectRoot = "";
			targets = (
				12F711D11B0EF4030059C263 /* TfEL Maths Pedagogy */,
				12F711EA1B0EF4040059C263 /* TfEL Maths PedagogyTests */,
			);
		};
/* End PBXProject section */

/* Begin PBXResourcesBuildPhase section */
		12F711D01B0EF4030059C263 /* Resources */ = {
			isa = PBXResourcesBuildPhase;
			buildActionMask = 2147483647;
			files = (
				12C46D821B620496000C8BC4 /* thumbside@2x.png in Resources */,
				12C30CF41B3BA9BD008A28A1 /* 4.4.pdf in Resources */,
				12C30CE51B3B771E008A28A1 /* sad-face@3x.png in Resources */,
				12C30D131B3BCE43008A28A1 /* 2.2_fg.pdf in Resources */,
				12F719181B1ECE9200B9F7FB /* tfelmped.sqlite in Resources */,
				124ABA6F1B2A5D4D00435632 /* green-tt@2x.png in Resources */,
				12C30CC21B3A331B008A28A1 /* compass_bg.png in Resources */,
				12C30CF91B3BA9BD008A28A1 /* 3.3.pdf in Resources */,
				122727C51B1568000050768B /* TfEL-Compass-graphic_Domain-3_small-yellow@3x.png in Resources */,
				122727C21B1568000050768B /* TfEL-Compass-graphic_Domain-2_small-yellow@3x.png in Resources */,
				124ABA6C1B2A5D4D00435632 /* blue-tt.png in Resources */,
				12C46D831B620496000C8BC4 /* thumbside@3x.png in Resources */,
				122727CF1B1586EA0050768B /* show-lines.png in Resources */,
				122727C71B1568000050768B /* TfEL-Compass-graphic_Domain-4_small-yellow@2x.png in Resources */,
				12C30D141B3BCE43008A28A1 /* 2.3_fg.pdf in Resources */,
				124ABA6D1B2A5D4D00435632 /* blue-tt@2x.png in Resources */,
				12C30D1C1B3BCE43008A28A1 /* 4.3_fg.pdf in Resources */,
				122727B31B1560750050768B /* tfel_compass_lg.png in Resources */,
				12C30CF51B3BA9BD008A28A1 /* 4.3.pdf in Resources */,
				12C46D8C1B6209CB000C8BC4 /* ok@3x.png in Resources */,
				12C30CF81B3BA9BD008A28A1 /* 3.4.pdf in Resources */,
				124ABA621B2A56E600435632 /* DECS SATfEL FG_Cover_A4@3x.png in Resources */,
				12C30CF61B3BA9BD008A28A1 /* 4.2.pdf in Resources */,
				12C30D171B3BCE43008A28A1 /* 3.2_fg.pdf in Resources */,
				124ABA611B2A56E600435632 /* DECS SATfEL FG_Cover_A4@2x.png in Resources */,
				12C46D861B620496000C8BC4 /* thumbup@3x.png in Resources */,
				12C46D851B620496000C8BC4 /* thumbup@2x.png in Resources */,
				12C30D161B3BCE43008A28A1 /* 3.1_fg.pdf in Resources */,
				12F712161B0F0A0F0059C263 /* 72.png in Resources */,
				122727B51B1560750050768B /* tfel_compass_lg@3x.png in Resources */,
				12C30D181B3BCE43008A28A1 /* 3.3_fg.pdf in Resources */,
				12C30CF71B3BA9BD008A28A1 /* 4.1.pdf in Resources */,
				12C30CFB1B3BA9BD008A28A1 /* 3.1.pdf in Resources */,
				12C30CFA1B3BA9BD008A28A1 /* 3.2.pdf in Resources */,
				124ABA701B2A5D4D00435632 /* red-tt.png in Resources */,
				12F7120F1B0F01CF0059C263 /* OE_Header.png in Resources */,
				122727C61B1568000050768B /* TfEL-Compass-graphic_Domain-4_small-yellow.png in Resources */,
				122727C01B1568000050768B /* TfEL-Compass-graphic_Domain-2_small-yellow.png in Resources */,
				122727D01B1586EA0050768B /* show-lines@2x.png in Resources */,
				12C46D841B620496000C8BC4 /* thumbup.png in Resources */,
				124ABA601B2A56E600435632 /* DECS SATfEL FG_Cover_A4.png in Resources */,
				12C30D1A1B3BCE43008A28A1 /* 4.1_fg.pdf in Resources */,
				124ABA711B2A5D4D00435632 /* red-tt@2x.png in Resources */,
				12F711E11B0EF4040059C263 /* Main.storyboard in Resources */,
				12C46D8A1B6209CB000C8BC4 /* ok.png in Resources */,
				12C46D8B1B6209CB000C8BC4 /* ok@2x.png in Resources */,
				12C30CE21B3B771E008A28A1 /* happy-face@3x.png in Resources */,
				122727C11B1568000050768B /* TfEL-Compass-graphic_Domain-2_small-yellow@2x.png in Resources */,
				124ABA561B2935B100435632 /* backImage.png in Resources */,
				12C30CC31B3A331B008A28A1 /* compass_bg@2x.png in Resources */,
				12F711E61B0EF4040059C263 /* LaunchScreen.xib in Resources */,
				12C30CFD1B3BA9BD008A28A1 /* 2.3.pdf in Resources */,
				12C30CE11B3B771E008A28A1 /* happy-face@2x.png in Resources */,
				124ABA6E1B2A5D4D00435632 /* green-tt.png in Resources */,
				124ABA721B2A5D4D00435632 /* yellow-tt.png in Resources */,
				12C30CFE1B3BA9BD008A28A1 /* 2.2.pdf in Resources */,
				12C30D1D1B3BCE43008A28A1 /* 4.4_fg.pdf in Resources */,
				12F711E31B0EF4040059C263 /* Images.xcassets in Resources */,
				124ABA571B2935B100435632 /* backImage@2x.png in Resources */,
				122727B41B1560750050768B /* tfel_compass_lg@2x.png in Resources */,
				122727C41B1568000050768B /* TfEL-Compass-graphic_Domain-3_small-yellow@2x.png in Resources */,
				122727C81B1568000050768B /* TfEL-Compass-graphic_Domain-4_small-yellow@3x.png in Resources */,
				12C30D191B3BCE43008A28A1 /* 3.4_fg.pdf in Resources */,
				124ABA891B2AA3E600435632 /* tfeluserdata.sqlite in Resources */,
				12C30CE01B3B771E008A28A1 /* happy-face.png in Resources */,
				12C30D151B3BCE43008A28A1 /* 2.4_fg.pdf in Resources */,
				12C30CFF1B3BA9BD008A28A1 /* 2.1.pdf in Resources */,
				12C30CE31B3B771E008A28A1 /* sad-face.png in Resources */,
				12C30D121B3BCE43008A28A1 /* 2.1_fg.pdf in Resources */,
				12F712171B0F0A0F0059C263 /* 72@2x-152.png in Resources */,
				12C30D1B1B3BCE43008A28A1 /* 4.2_fg.pdf in Resources */,
				122727C31B1568000050768B /* TfEL-Compass-graphic_Domain-3_small-yellow.png in Resources */,
				12C30CFC1B3BA9BD008A28A1 /* 2.4.pdf in Resources */,
				12C46D811B620496000C8BC4 /* thumbside.png in Resources */,
				1237598C1B5CB06A007F5F79 /* neals_gs@2x.jpg in Resources */,
				12C30CE41B3B771E008A28A1 /* sad-face@2x.png in Resources */,
				12F712101B0F01CF0059C263 /* OE_Header@2x.png in Resources */,
				124ABA731B2A5D4D00435632 /* yellow-tt@2x.png in Resources */,
			);
			runOnlyForDeploymentPostprocessing = 0;
		};
		12F711E91B0EF4040059C263 /* Resources */ = {
			isa = PBXResourcesBuildPhase;
			buildActionMask = 2147483647;
			files = (
			);
			runOnlyForDeploymentPostprocessing = 0;
		};
/* End PBXResourcesBuildPhase section */

/* Begin PBXShellScriptBuildPhase section */
		0011B5491E68B992DA179F90 /* Copy Pods Resources */ = {
			isa = PBXShellScriptBuildPhase;
			buildActionMask = 2147483647;
			files = (
			);
			inputPaths = (
			);
			name = "Copy Pods Resources";
			outputPaths = (
			);
			runOnlyForDeploymentPostprocessing = 0;
			shellPath = /bin/sh;
			shellScript = "\"${SRCROOT}/Pods/Target Support Files/Pods-TfEL Maths Pedagogy/Pods-TfEL Maths Pedagogy-resources.sh\"\n";
			showEnvVarsInLog = 0;
		};
		36C7A908F2090611A7CA7B40 /* Check Pods Manifest.lock */ = {
			isa = PBXShellScriptBuildPhase;
			buildActionMask = 2147483647;
			files = (
			);
			inputPaths = (
			);
			name = "Check Pods Manifest.lock";
			outputPaths = (
			);
			runOnlyForDeploymentPostprocessing = 0;
			shellPath = /bin/sh;
			shellScript = "diff \"${PODS_ROOT}/../Podfile.lock\" \"${PODS_ROOT}/Manifest.lock\" > /dev/null\nif [[ $? != 0 ]] ; then\n    cat << EOM\nerror: The sandbox is not in sync with the Podfile.lock. Run 'pod install' or update your CocoaPods installation.\nEOM\n    exit 1\nfi\n";
			showEnvVarsInLog = 0;
		};
/* End PBXShellScriptBuildPhase section */

/* Begin PBXSourcesBuildPhase section */
		12F711CE1B0EF4030059C263 /* Sources */ = {
			isa = PBXSourcesBuildPhase;
			buildActionMask = 2147483647;
			files = (
				124ABA831B2A765800435632 /* getDataByCode.m in Sources */,
				12F711DB1B0EF4030059C263 /* AppDelegate.m in Sources */,
				12C30CD01B3A4F64008A28A1 /* resourceViewController.m in Sources */,
				12F712071B0EFCB80059C263 /* navigationViewController.m in Sources */,
				12929A9F1B1E793900E6E029 /* domainReflectionTableViewController.m in Sources */,
				12F711D81B0EF4030059C263 /* main.m in Sources */,
				12929AA81B1E832E00E6E029 /* SZTextView.m in Sources */,
				124ABA5C1B294E6200435632 /* myEntriesTableViewController.m in Sources */,
				1289122B1B44DF6D00765785 /* determineDomainUIImageForReturn.m in Sources */,
				124ABA771B2A630000435632 /* nextStepsTableViewController.m in Sources */,
				12929ACB1B1E905900E6E029 /* FMDatabaseAdditions.m in Sources */,
				12929ACE1B1E905900E6E029 /* FMResultSet.m in Sources */,
				124ABA7B1B2A631D00435632 /* domainDetailTableViewController.m in Sources */,
				12F712131B0F08D00059C263 /* getStartedViewController.m in Sources */,
				12929ACC1B1E905900E6E029 /* FMDatabasePool.m in Sources */,
				12C30D031B3BC134008A28A1 /* dropMenuTableViewController.m in Sources */,
				124ABA7F1B2A67F700435632 /* abstractionLayer.m in Sources */,
				12929ACD1B1E905900E6E029 /* FMDatabaseQueue.m in Sources */,
				1219C7811B4F51460017EC52 /* determineDetailForCode.m in Sources */,
				122727CC1B156EB80050768B /* domainsListTableViewController.m in Sources */,
				12929ACA1B1E905900E6E029 /* FMDatabase.m in Sources */,
				124ABA871B2A994400435632 /* dataCreatorViewController.m in Sources */,
			);
			runOnlyForDeploymentPostprocessing = 0;
		};
		12F711E71B0EF4040059C263 /* Sources */ = {
			isa = PBXSourcesBuildPhase;
			buildActionMask = 2147483647;
			files = (
				12F719171B1EC5C000B9F7FB /* fileManager.m in Sources */,
				12F711F21B0EF4040059C263 /* TfEL_Maths_PedagogyTests.m in Sources */,
				12F719151B1EC4BF00B9F7FB /* databaseDumperTest.m in Sources */,
			);
			runOnlyForDeploymentPostprocessing = 0;
		};
/* End PBXSourcesBuildPhase section */

/* Begin PBXTargetDependency section */
		12F711ED1B0EF4040059C263 /* PBXTargetDependency */ = {
			isa = PBXTargetDependency;
			target = 12F711D11B0EF4030059C263 /* TfEL Maths Pedagogy */;
			targetProxy = 12F711EC1B0EF4040059C263 /* PBXContainerItemProxy */;
		};
/* End PBXTargetDependency section */

/* Begin PBXVariantGroup section */
		12F711DF1B0EF4040059C263 /* Main.storyboard */ = {
			isa = PBXVariantGroup;
			children = (
				12F711E01B0EF4040059C263 /* Base */,
			);
			name = Main.storyboard;
			sourceTree = "<group>";
		};
		12F711E41B0EF4040059C263 /* LaunchScreen.xib */ = {
			isa = PBXVariantGroup;
			children = (
				12F711E51B0EF4040059C263 /* Base */,
			);
			name = LaunchScreen.xib;
			sourceTree = "<group>";
		};
/* End PBXVariantGroup section */

/* Begin XCBuildConfiguration section */
		12F711F31B0EF4040059C263 /* Debug */ = {
			isa = XCBuildConfiguration;
			buildSettings = {
				ALWAYS_SEARCH_USER_PATHS = NO;
				CLANG_CXX_LANGUAGE_STANDARD = "gnu++0x";
				CLANG_CXX_LIBRARY = "libc++";
				CLANG_ENABLE_MODULES = YES;
				CLANG_ENABLE_OBJC_ARC = YES;
				CLANG_WARN_BOOL_CONVERSION = YES;
				CLANG_WARN_CONSTANT_CONVERSION = YES;
				CLANG_WARN_DIRECT_OBJC_ISA_USAGE = YES_ERROR;
				CLANG_WARN_EMPTY_BODY = YES;
				CLANG_WARN_ENUM_CONVERSION = YES;
				CLANG_WARN_INT_CONVERSION = YES;
				CLANG_WARN_OBJC_ROOT_CLASS = YES_ERROR;
				CLANG_WARN_UNREACHABLE_CODE = YES;
				CLANG_WARN__DUPLICATE_METHOD_MATCH = YES;
				"CODE_SIGN_IDENTITY[sdk=iphoneos*]" = "iPhone Developer";
				COPY_PHASE_STRIP = NO;
				DEBUG_INFORMATION_FORMAT = "dwarf-with-dsym";
				ENABLE_STRICT_OBJC_MSGSEND = YES;
				GCC_C_LANGUAGE_STANDARD = gnu99;
				GCC_DYNAMIC_NO_PIC = NO;
				GCC_NO_COMMON_BLOCKS = YES;
				GCC_OPTIMIZATION_LEVEL = 0;
				GCC_PREPROCESSOR_DEFINITIONS = (
					"DEBUG=1",
					"$(inherited)",
				);
				GCC_SYMBOLS_PRIVATE_EXTERN = NO;
				GCC_WARN_64_TO_32_BIT_CONVERSION = YES;
				GCC_WARN_ABOUT_RETURN_TYPE = YES_ERROR;
				GCC_WARN_UNDECLARED_SELECTOR = YES;
				GCC_WARN_UNINITIALIZED_AUTOS = YES_AGGRESSIVE;
				GCC_WARN_UNUSED_FUNCTION = YES;
				GCC_WARN_UNUSED_VARIABLE = YES;
				IPHONEOS_DEPLOYMENT_TARGET = 8.3;
				MTL_ENABLE_DEBUG_INFO = YES;
				ONLY_ACTIVE_ARCH = YES;
				SDKROOT = iphoneos;
				TARGETED_DEVICE_FAMILY = 2;
			};
			name = Debug;
		};
		12F711F41B0EF4040059C263 /* Release */ = {
			isa = XCBuildConfiguration;
			buildSettings = {
				ALWAYS_SEARCH_USER_PATHS = NO;
				CLANG_CXX_LANGUAGE_STANDARD = "gnu++0x";
				CLANG_CXX_LIBRARY = "libc++";
				CLANG_ENABLE_MODULES = YES;
				CLANG_ENABLE_OBJC_ARC = YES;
				CLANG_WARN_BOOL_CONVERSION = YES;
				CLANG_WARN_CONSTANT_CONVERSION = YES;
				CLANG_WARN_DIRECT_OBJC_ISA_USAGE = YES_ERROR;
				CLANG_WARN_EMPTY_BODY = YES;
				CLANG_WARN_ENUM_CONVERSION = YES;
				CLANG_WARN_INT_CONVERSION = YES;
				CLANG_WARN_OBJC_ROOT_CLASS = YES_ERROR;
				CLANG_WARN_UNREACHABLE_CODE = YES;
				CLANG_WARN__DUPLICATE_METHOD_MATCH = YES;
				"CODE_SIGN_IDENTITY[sdk=iphoneos*]" = "iPhone Developer";
				COPY_PHASE_STRIP = NO;
				DEBUG_INFORMATION_FORMAT = "dwarf-with-dsym";
				ENABLE_NS_ASSERTIONS = NO;
				ENABLE_STRICT_OBJC_MSGSEND = YES;
				GCC_C_LANGUAGE_STANDARD = gnu99;
				GCC_NO_COMMON_BLOCKS = YES;
				GCC_WARN_64_TO_32_BIT_CONVERSION = YES;
				GCC_WARN_ABOUT_RETURN_TYPE = YES_ERROR;
				GCC_WARN_UNDECLARED_SELECTOR = YES;
				GCC_WARN_UNINITIALIZED_AUTOS = YES_AGGRESSIVE;
				GCC_WARN_UNUSED_FUNCTION = YES;
				GCC_WARN_UNUSED_VARIABLE = YES;
				IPHONEOS_DEPLOYMENT_TARGET = 8.3;
				MTL_ENABLE_DEBUG_INFO = NO;
				SDKROOT = iphoneos;
				TARGETED_DEVICE_FAMILY = 2;
				VALIDATE_PRODUCT = YES;
			};
			name = Release;
		};
		12F711F61B0EF4040059C263 /* Debug */ = {
			isa = XCBuildConfiguration;
			baseConfigurationReference = 5541FA69178DE0BABC6BB760 /* Pods-TfEL Maths Pedagogy.debug.xcconfig */;
			buildSettings = {
				ASSETCATALOG_COMPILER_APPICON_NAME = AppIcon;
				CODE_SIGN_ENTITLEMENTS = "TfEL Maths Pedagogy/TfEL Maths Pedagogy.entitlements";
				CODE_SIGN_IDENTITY = "iPhone Developer";
				"CODE_SIGN_IDENTITY[sdk=iphoneos*]" = "iPhone Developer";
				INFOPLIST_FILE = "TfEL Maths Pedagogy/Info.plist";
				LD_RUNPATH_SEARCH_PATHS = "$(inherited) @executable_path/Frameworks";
				PRODUCT_NAME = "$(TARGET_NAME)";
				PROVISIONING_PROFILE = "";
			};
			name = Debug;
		};
		12F711F71B0EF4040059C263 /* Release */ = {
			isa = XCBuildConfiguration;
			baseConfigurationReference = 4F016A6515AF8A016228C236 /* Pods-TfEL Maths Pedagogy.release.xcconfig */;
			buildSettings = {
				ASSETCATALOG_COMPILER_APPICON_NAME = AppIcon;
				CODE_SIGN_ENTITLEMENTS = "TfEL Maths Pedagogy/TfEL Maths Pedagogy.entitlements";
				CODE_SIGN_IDENTITY = "iPhone Developer";
				"CODE_SIGN_IDENTITY[sdk=iphoneos*]" = "iPhone Developer";
				INFOPLIST_FILE = "TfEL Maths Pedagogy/Info.plist";
				LD_RUNPATH_SEARCH_PATHS = "$(inherited) @executable_path/Frameworks";
				PRODUCT_NAME = "$(TARGET_NAME)";
				PROVISIONING_PROFILE = "";
			};
			name = Release;
		};
		12F711F91B0EF4040059C263 /* Debug */ = {
			isa = XCBuildConfiguration;
			buildSettings = {
				BUNDLE_LOADER = "$(TEST_HOST)";
				FRAMEWORK_SEARCH_PATHS = (
					"$(SDKROOT)/Developer/Library/Frameworks",
					"$(inherited)",
				);
				GCC_PREPROCESSOR_DEFINITIONS = (
					"DEBUG=1",
					"$(inherited)",
				);
				INFOPLIST_FILE = "TfEL Maths PedagogyTests/Info.plist";
				LD_RUNPATH_SEARCH_PATHS = "$(inherited) @executable_path/Frameworks @loader_path/Frameworks";
				PRODUCT_NAME = "$(TARGET_NAME)";
				TEST_HOST = "$(BUILT_PRODUCTS_DIR)/TfEL Maths Pedagogy.app/TfEL Maths Pedagogy";
			};
			name = Debug;
		};
		12F711FA1B0EF4040059C263 /* Release */ = {
			isa = XCBuildConfiguration;
			buildSettings = {
				BUNDLE_LOADER = "$(TEST_HOST)";
				FRAMEWORK_SEARCH_PATHS = (
					"$(SDKROOT)/Developer/Library/Frameworks",
					"$(inherited)",
				);
				INFOPLIST_FILE = "TfEL Maths PedagogyTests/Info.plist";
				LD_RUNPATH_SEARCH_PATHS = "$(inherited) @executable_path/Frameworks @loader_path/Frameworks";
				PRODUCT_NAME = "$(TARGET_NAME)";
				TEST_HOST = "$(BUILT_PRODUCTS_DIR)/TfEL Maths Pedagogy.app/TfEL Maths Pedagogy";
			};
			name = Release;
		};
/* End XCBuildConfiguration section */

/* Begin XCConfigurationList section */
		12F711CD1B0EF4030059C263 /* Build configuration list for PBXProject "TfEL Maths Pedagogy" */ = {
			isa = XCConfigurationList;
			buildConfigurations = (
				12F711F31B0EF4040059C263 /* Debug */,
				12F711F41B0EF4040059C263 /* Release */,
			);
			defaultConfigurationIsVisible = 0;
			defaultConfigurationName = Release;
		};
		12F711F51B0EF4040059C263 /* Build configuration list for PBXNativeTarget "TfEL Maths Pedagogy" */ = {
			isa = XCConfigurationList;
			buildConfigurations = (
				12F711F61B0EF4040059C263 /* Debug */,
				12F711F71B0EF4040059C263 /* Release */,
			);
			defaultConfigurationIsVisible = 0;
			defaultConfigurationName = Release;
		};
		12F711F81B0EF4040059C263 /* Build configuration list for PBXNativeTarget "TfEL Maths PedagogyTests" */ = {
			isa = XCConfigurationList;
			buildConfigurations = (
				12F711F91B0EF4040059C263 /* Debug */,
				12F711FA1B0EF4040059C263 /* Release */,
			);
			defaultConfigurationIsVisible = 0;
			defaultConfigurationName = Release;
		};
/* End XCConfigurationList section */
	};
	rootObject = 12F711CA1B0EF4030059C263 /* Project object */;
}
